{
  "object": {
    "pins": [
      {
        "package": "SwifterSwiftUI",
        "repositoryURL": "https://github.com/asam139/SwifterSwiftUI.git",
        "state": {
          "branch": null,
          "revision": "ccb99333f7c9e41c86d0f9a90bcd4492f1be4073",
          "version": "0.4.2"
        }
      },
      {
        "package": "ViewInspector",
        "repositoryURL": "https://github.com/nalexn/ViewInspector",
        "state": {
          "branch": null,
          "revision": "63b8b90a39febacce9afde79fc048cd2f2e17805",
          "version": "0.3.12"
        }
      }
    ]
  },
  "version": 1
}
