{
  "object": {
    "pins": [
      {
        "package": "SwifterSwiftUI",
        "repositoryURL": "https://github.com/asam139/SwifterSwiftUI.git",
        "state": {
          "branch": null,
          "revision": "e69419dd7cdf3bb7df315978530d621d69c98b88",
          "version": "0.5.1"
        }
      },
      {
        "package": "ViewInspector",
        "repositoryURL": "https://github.com/nalexn/ViewInspector",
        "state": {
          "branch": null,
          "revision": "e42529aa0b6ff57393ab52540f6006f3a709ee00",
          "version": "0.9.6"
        }
      }
    ]
  },
  "version": 1
}
