{
  "object": {
    "pins": [
      {
        "package": "SwifterSwiftUI",
        "repositoryURL": "https://github.com/asam139/SwifterSwiftUI.git",
        "state": {
          "branch": "master",
          "revision": "a829ae54723fa297be426759367f5c2992709589",
          "version": null
        }
      }
    ]
  },
  "version": 1
}
