// !$*UTF8*$!
{
	archiveVersion = 1;
	classes = {
	};
	objectVersion = 54;
	objects = {

/* Begin PBXBuildFile section */
		9C3CACED2440EFCB0088C114 /* ContentView.swift in Sources */ = {isa = PBXBuildFile; fileRef = 9C3CACEC2440EFCB0088C114 /* ContentView.swift */; };
		9C70629924422A000061E8D8 /* Steps.framework in Frameworks */ = {isa = PBXBuildFile; fileRef = 9C706294244229E50061E8D8 /* Steps.framework */; };
		9C70629A24422A000061E8D8 /* Steps.framework in Embed Frameworks */ = {isa = PBXBuildFile; fileRef = 9C706294244229E50061E8D8 /* Steps.framework */; settings = {ATTRIBUTES = (CodeSignOnCopy, RemoveHeadersOnCopy, ); }; };
		9C7F43E72444EFFC005DC0C8 /* SwifterSwiftUI.framework in Frameworks */ = {isa = PBXBuildFile; fileRef = 9C706298244229E50061E8D8 /* SwifterSwiftUI.framework */; };
		9C7F43E82444EFFC005DC0C8 /* SwifterSwiftUI.framework in Embed Frameworks */ = {isa = PBXBuildFile; fileRef = 9C706298244229E50061E8D8 /* SwifterSwiftUI.framework */; settings = {ATTRIBUTES = (CodeSignOnCopy, RemoveHeadersOnCopy, ); }; };
		D9A12776235699C600D136A5 /* AppDelegate.swift in Sources */ = {isa = PBXBuildFile; fileRef = D9A12775235699C600D136A5 /* AppDelegate.swift */; };
		D9A12778235699C600D136A5 /* SceneDelegate.swift in Sources */ = {isa = PBXBuildFile; fileRef = D9A12777235699C600D136A5 /* SceneDelegate.swift */; };
		D9A1277D235699C600D136A5 /* Main.storyboard in Resources */ = {isa = PBXBuildFile; fileRef = D9A1277B235699C600D136A5 /* Main.storyboard */; };
		D9A1277F235699C700D136A5 /* Assets.xcassets in Resources */ = {isa = PBXBuildFile; fileRef = D9A1277E235699C700D136A5 /* Assets.xcassets */; };
		D9A12782235699C700D136A5 /* LaunchScreen.storyboard in Resources */ = {isa = PBXBuildFile; fileRef = D9A12780235699C700D136A5 /* LaunchScreen.storyboard */; };
/* End PBXBuildFile section */

/* Begin PBXContainerItemProxy section */
		9C706293244229E50061E8D8 /* PBXContainerItemProxy */ = {
			isa = PBXContainerItemProxy;
			containerPortal = 9C70628A244229E50061E8D8 /* Steps.xcodeproj */;
			proxyType = 2;
			remoteGlobalIDString = "Steps::Steps::Product";
			remoteInfo = Steps;
		};
		9C706295244229E50061E8D8 /* PBXContainerItemProxy */ = {
			isa = PBXContainerItemProxy;
			containerPortal = 9C70628A244229E50061E8D8 /* Steps.xcodeproj */;
			proxyType = 2;
			remoteGlobalIDString = "Steps::StepsTests::Product";
			remoteInfo = StepsTests;
		};
		9C706297244229E50061E8D8 /* PBXContainerItemProxy */ = {
			isa = PBXContainerItemProxy;
			containerPortal = 9C70628A244229E50061E8D8 /* Steps.xcodeproj */;
			proxyType = 2;
			remoteGlobalIDString = "SwifterSwiftUI::SwifterSwiftUI::Product";
			remoteInfo = SwifterSwiftUI;
		};
		9C7F4472244F678B005DC0C8 /* PBXContainerItemProxy */ = {
			isa = PBXContainerItemProxy;
			containerPortal = 9C70628A244229E50061E8D8 /* Steps.xcodeproj */;
			proxyType = 2;
			remoteGlobalIDString = "ViewInspector::ViewInspector::Product";
			remoteInfo = ViewInspector;
		};
/* End PBXContainerItemProxy section */

/* Begin PBXCopyFilesBuildPhase section */
		9C70629B24422A000061E8D8 /* Embed Frameworks */ = {
			isa = PBXCopyFilesBuildPhase;
			buildActionMask = 2147483647;
			dstPath = "";
			dstSubfolderSpec = 10;
			files = (
				9C70629A24422A000061E8D8 /* Steps.framework in Embed Frameworks */,
				9C7F43E82444EFFC005DC0C8 /* SwifterSwiftUI.framework in Embed Frameworks */,
			);
			name = "Embed Frameworks";
			runOnlyForDeploymentPostprocessing = 0;
		};
/* End PBXCopyFilesBuildPhase section */

/* Begin PBXFileReference section */
		9C3CACEC2440EFCB0088C114 /* ContentView.swift */ = {isa = PBXFileReference; lastKnownFileType = sourcecode.swift; path = ContentView.swift; sourceTree = "<group>"; };
		9C70628A244229E50061E8D8 /* Steps.xcodeproj */ = {isa = PBXFileReference; lastKnownFileType = "wrapper.pb-project"; name = Steps.xcodeproj; path = ../Steps.xcodeproj; sourceTree = "<group>"; };
		D9A12772235699C600D136A5 /* Example.app */ = {isa = PBXFileReference; explicitFileType = wrapper.application; includeInIndex = 0; path = Example.app; sourceTree = BUILT_PRODUCTS_DIR; };
		D9A12775235699C600D136A5 /* AppDelegate.swift */ = {isa = PBXFileReference; lastKnownFileType = sourcecode.swift; path = AppDelegate.swift; sourceTree = "<group>"; };
		D9A12777235699C600D136A5 /* SceneDelegate.swift */ = {isa = PBXFileReference; lastKnownFileType = sourcecode.swift; path = SceneDelegate.swift; sourceTree = "<group>"; };
		D9A1277C235699C600D136A5 /* Base */ = {isa = PBXFileReference; lastKnownFileType = file.storyboard; name = Base; path = Base.lproj/Main.storyboard; sourceTree = "<group>"; };
		D9A1277E235699C700D136A5 /* Assets.xcassets */ = {isa = PBXFileReference; lastKnownFileType = folder.assetcatalog; path = Assets.xcassets; sourceTree = "<group>"; };
		D9A12781235699C700D136A5 /* Base */ = {isa = PBXFileReference; lastKnownFileType = file.storyboard; name = Base; path = Base.lproj/LaunchScreen.storyboard; sourceTree = "<group>"; };
		D9A12783235699C700D136A5 /* Info.plist */ = {isa = PBXFileReference; lastKnownFileType = text.plist.xml; path = Info.plist; sourceTree = "<group>"; };
/* End PBXFileReference section */

/* Begin PBXFrameworksBuildPhase section */
		D9A1276F235699C600D136A5 /* Frameworks */ = {
			isa = PBXFrameworksBuildPhase;
			buildActionMask = 2147483647;
			files = (
				9C70629924422A000061E8D8 /* Steps.framework in Frameworks */,
				9C7F43E72444EFFC005DC0C8 /* SwifterSwiftUI.framework in Frameworks */,
			);
			runOnlyForDeploymentPostprocessing = 0;
		};
/* End PBXFrameworksBuildPhase section */

/* Begin PBXGroup section */
		9C70628B244229E50061E8D8 /* Products */ = {
			isa = PBXGroup;
			children = (
				9C706294244229E50061E8D8 /* Steps.framework */,
				9C706296244229E50061E8D8 /* StepsTests.xctest */,
				9C706298244229E50061E8D8 /* SwifterSwiftUI.framework */,
				9C7F4473244F678B005DC0C8 /* ViewInspector.framework */,
			);
			name = Products;
			sourceTree = "<group>";
		};
		D9A12769235699C600D136A5 = {
			isa = PBXGroup;
			children = (
				9C70628A244229E50061E8D8 /* Steps.xcodeproj */,
				D9A12774235699C600D136A5 /* Sources */,
				D9A12773235699C600D136A5 /* Products */,
				D9A127892356A25E00D136A5 /* Frameworks */,
			);
			sourceTree = "<group>";
		};
		D9A12773235699C600D136A5 /* Products */ = {
			isa = PBXGroup;
			children = (
				D9A12772235699C600D136A5 /* Example.app */,
			);
			name = Products;
			sourceTree = "<group>";
		};
		D9A12774235699C600D136A5 /* Sources */ = {
			isa = PBXGroup;
			children = (
				D9A12775235699C600D136A5 /* AppDelegate.swift */,
				D9A12777235699C600D136A5 /* SceneDelegate.swift */,
				9C3CACEC2440EFCB0088C114 /* ContentView.swift */,
				D9A1277B235699C600D136A5 /* Main.storyboard */,
				D9A1277E235699C700D136A5 /* Assets.xcassets */,
				D9A12780235699C700D136A5 /* LaunchScreen.storyboard */,
				D9A12783235699C700D136A5 /* Info.plist */,
			);
			path = Sources;
			sourceTree = "<group>";
		};
		D9A127892356A25E00D136A5 /* Frameworks */ = {
			isa = PBXGroup;
			children = (
			);
			name = Frameworks;
			sourceTree = "<group>";
		};
/* End PBXGroup section */

/* Begin PBXNativeTarget section */
		D9A12771235699C600D136A5 /* Example */ = {
			isa = PBXNativeTarget;
			buildConfigurationList = D9A12786235699C700D136A5 /* Build configuration list for PBXNativeTarget "Example" */;
			buildPhases = (
				D9A1276E235699C600D136A5 /* Sources */,
				D9A1276F235699C600D136A5 /* Frameworks */,
				D9A12770235699C600D136A5 /* Resources */,
				9C70629B24422A000061E8D8 /* Embed Frameworks */,
				9C7F4436244CB076005DC0C8 /* Lint */,
			);
			buildRules = (
			);
			dependencies = (
			);
			name = Example;
			packageProductDependencies = (
			);
			productName = "iOS Example";
			productReference = D9A12772235699C600D136A5 /* Example.app */;
			productType = "com.apple.product-type.application";
		};
/* End PBXNativeTarget section */

/* Begin PBXProject section */
		D9A1276A235699C600D136A5 /* Project object */ = {
			isa = PBXProject;
			attributes = {
				LastSwiftUpdateCheck = 1110;
				LastUpgradeCheck = 1410;
				ORGANIZATIONNAME = "Saul Moreno Abril";
				TargetAttributes = {
					D9A12771235699C600D136A5 = {
						CreatedOnToolsVersion = 11.1;
					};
				};
			};
			buildConfigurationList = D9A1276D235699C600D136A5 /* Build configuration list for PBXProject "Example" */;
			compatibilityVersion = "Xcode 9.3";
			developmentRegion = en;
			hasScannedForEncodings = 0;
			knownRegions = (
				en,
				Base,
			);
			mainGroup = D9A12769235699C600D136A5;
			productRefGroup = D9A12773235699C600D136A5 /* Products */;
			projectDirPath = "";
			projectReferences = (
				{
					ProductGroup = 9C70628B244229E50061E8D8 /* Products */;
					ProjectRef = 9C70628A244229E50061E8D8 /* Steps.xcodeproj */;
				},
			);
			projectRoot = "";
			targets = (
				D9A12771235699C600D136A5 /* Example */,
			);
		};
/* End PBXProject section */

/* Begin PBXReferenceProxy section */
		9C706294244229E50061E8D8 /* Steps.framework */ = {
			isa = PBXReferenceProxy;
			fileType = wrapper.framework;
			path = Steps.framework;
			remoteRef = 9C706293244229E50061E8D8 /* PBXContainerItemProxy */;
			sourceTree = BUILT_PRODUCTS_DIR;
		};
		9C706296244229E50061E8D8 /* StepsTests.xctest */ = {
			isa = PBXReferenceProxy;
			fileType = file;
			path = StepsTests.xctest;
			remoteRef = 9C706295244229E50061E8D8 /* PBXContainerItemProxy */;
			sourceTree = BUILT_PRODUCTS_DIR;
		};
		9C706298244229E50061E8D8 /* SwifterSwiftUI.framework */ = {
			isa = PBXReferenceProxy;
			fileType = wrapper.framework;
			path = SwifterSwiftUI.framework;
			remoteRef = 9C706297244229E50061E8D8 /* PBXContainerItemProxy */;
			sourceTree = BUILT_PRODUCTS_DIR;
		};
		9C7F4473244F678B005DC0C8 /* ViewInspector.framework */ = {
			isa = PBXReferenceProxy;
			fileType = wrapper.framework;
			path = ViewInspector.framework;
			remoteRef = 9C7F4472244F678B005DC0C8 /* PBXContainerItemProxy */;
			sourceTree = BUILT_PRODUCTS_DIR;
		};
/* End PBXReferenceProxy section */

/* Begin PBXResourcesBuildPhase section */
		D9A12770235699C600D136A5 /* Resources */ = {
			isa = PBXResourcesBuildPhase;
			buildActionMask = 2147483647;
			files = (
				D9A12782235699C700D136A5 /* LaunchScreen.storyboard in Resources */,
				D9A1277F235699C700D136A5 /* Assets.xcassets in Resources */,
				D9A1277D235699C600D136A5 /* Main.storyboard in Resources */,
			);
			runOnlyForDeploymentPostprocessing = 0;
		};
/* End PBXResourcesBuildPhase section */

/* Begin PBXShellScriptBuildPhase section */
		9C7F4436244CB076005DC0C8 /* Lint */ = {
			isa = PBXShellScriptBuildPhase;
			alwaysOutOfDate = 1;
			buildActionMask = 2147483647;
			files = (
			);
			inputFileListPaths = (
			);
			inputPaths = (
			);
			name = Lint;
			outputFileListPaths = (
			);
			outputPaths = (
			);
			runOnlyForDeploymentPostprocessing = 0;
			shellPath = /bin/sh;
			shellScript = "unset SDKROOT\nexport PATH=\"$PATH:/opt/homebrew/bin\"\n\nif which mint >/dev/null && mint which swiftlint; then\n  cd ..\n  mint run realm/SwiftLint@0.51.0 swiftlint autocorrect --format\nelse\n  echo \"warning: Mint not installed, download from https://github.com/yonaskolb/mint\"\nfi\n";
		};
/* End PBXShellScriptBuildPhase section */

/* Begin PBXSourcesBuildPhase section */
		D9A1276E235699C600D136A5 /* Sources */ = {
			isa = PBXSourcesBuildPhase;
			buildActionMask = 2147483647;
			files = (
				D9A12776235699C600D136A5 /* AppDelegate.swift in Sources */,
				D9A12778235699C600D136A5 /* SceneDelegate.swift in Sources */,
				9C3CACED2440EFCB0088C114 /* ContentView.swift in Sources */,
			);
			runOnlyForDeploymentPostprocessing = 0;
		};
/* End PBXSourcesBuildPhase section */

/* Begin PBXVariantGroup section */
		D9A1277B235699C600D136A5 /* Main.storyboard */ = {
			isa = PBXVariantGroup;
			children = (
				D9A1277C235699C600D136A5 /* Base */,
			);
			name = Main.storyboard;
			sourceTree = "<group>";
		};
		D9A12780235699C700D136A5 /* LaunchScreen.storyboard */ = {
			isa = PBXVariantGroup;
			children = (
				D9A12781235699C700D136A5 /* Base */,
			);
			name = LaunchScreen.storyboard;
			sourceTree = "<group>";
		};
/* End PBXVariantGroup section */

/* Begin XCBuildConfiguration section */
		D9A12784235699C700D136A5 /* Debug */ = {
			isa = XCBuildConfiguration;
			buildSettings = {
				ALWAYS_SEARCH_USER_PATHS = NO;
				CLANG_ANALYZER_NONNULL = YES;
				CLANG_ANALYZER_NUMBER_OBJECT_CONVERSION = YES_AGGRESSIVE;
				CLANG_CXX_LANGUAGE_STANDARD = "gnu++14";
				CLANG_CXX_LIBRARY = "libc++";
				CLANG_ENABLE_MODULES = YES;
				CLANG_ENABLE_OBJC_ARC = YES;
				CLANG_ENABLE_OBJC_WEAK = YES;
				CLANG_WARN_BLOCK_CAPTURE_AUTORELEASING = YES;
				CLANG_WARN_BOOL_CONVERSION = YES;
				CLANG_WARN_COMMA = YES;
				CLANG_WARN_CONSTANT_CONVERSION = YES;
				CLANG_WARN_DEPRECATED_OBJC_IMPLEMENTATIONS = YES;
				CLANG_WARN_DIRECT_OBJC_ISA_USAGE = YES_ERROR;
				CLANG_WARN_DOCUMENTATION_COMMENTS = YES;
				CLANG_WARN_EMPTY_BODY = YES;
				CLANG_WARN_ENUM_CONVERSION = YES;
				CLANG_WARN_INFINITE_RECURSION = YES;
				CLANG_WARN_INT_CONVERSION = YES;
				CLANG_WARN_NON_LITERAL_NULL_CONVERSION = YES;
				CLANG_WARN_OBJC_IMPLICIT_RETAIN_SELF = YES;
				CLANG_WARN_OBJC_LITERAL_CONVERSION = YES;
				CLANG_WARN_OBJC_ROOT_CLASS = YES_ERROR;
				CLANG_WARN_QUOTED_INCLUDE_IN_FRAMEWORK_HEADER = YES;
				CLANG_WARN_RANGE_LOOP_ANALYSIS = YES;
				CLANG_WARN_STRICT_PROTOTYPES = YES;
				CLANG_WARN_SUSPICIOUS_MOVE = YES;
				CLANG_WARN_UNGUARDED_AVAILABILITY = YES_AGGRESSIVE;
				CLANG_WARN_UNREACHABLE_CODE = YES;
				CLANG_WARN__DUPLICATE_METHOD_MATCH = YES;
				COPY_PHASE_STRIP = NO;
				DEBUG_INFORMATION_FORMAT = dwarf;
				ENABLE_STRICT_OBJC_MSGSEND = YES;
				ENABLE_TESTABILITY = YES;
				GCC_C_LANGUAGE_STANDARD = gnu11;
				GCC_DYNAMIC_NO_PIC = NO;
				GCC_NO_COMMON_BLOCKS = YES;
				GCC_OPTIMIZATION_LEVEL = 0;
				GCC_PREPROCESSOR_DEFINITIONS = (
					"DEBUG=1",
					"$(inherited)",
				);
				GCC_WARN_64_TO_32_BIT_CONVERSION = YES;
				GCC_WARN_ABOUT_RETURN_TYPE = YES_ERROR;
				GCC_WARN_UNDECLARED_SELECTOR = YES;
				GCC_WARN_UNINITIALIZED_AUTOS = YES_AGGRESSIVE;
				GCC_WARN_UNUSED_FUNCTION = YES;
				GCC_WARN_UNUSED_VARIABLE = YES;
				IPHONEOS_DEPLOYMENT_TARGET = 13.1;
				MTL_ENABLE_DEBUG_INFO = INCLUDE_SOURCE;
				MTL_FAST_MATH = YES;
				ONLY_ACTIVE_ARCH = YES;
				SDKROOT = iphoneos;
				SWIFT_ACTIVE_COMPILATION_CONDITIONS = DEBUG;
				SWIFT_OPTIMIZATION_LEVEL = "-Onone";
			};
			name = Debug;
		};
		D9A12785235699C700D136A5 /* Release */ = {
			isa = XCBuildConfiguration;
			buildSettings = {
				ALWAYS_SEARCH_USER_PATHS = NO;
				CLANG_ANALYZER_NONNULL = YES;
				CLANG_ANALYZER_NUMBER_OBJECT_CONVERSION = YES_AGGRESSIVE;
				CLANG_CXX_LANGUAGE_STANDARD = "gnu++14";
				CLANG_CXX_LIBRARY = "libc++";
				CLANG_ENABLE_MODULES = YES;
				CLANG_ENABLE_OBJC_ARC = YES;
				CLANG_ENABLE_OBJC_WEAK = YES;
				CLANG_WARN_BLOCK_CAPTURE_AUTORELEASING = YES;
				CLANG_WARN_BOOL_CONVERSION = YES;
				CLANG_WARN_COMMA = YES;
				CLANG_WARN_CONSTANT_CONVERSION = YES;
				CLANG_WARN_DEPRECATED_OBJC_IMPLEMENTATIONS = YES;
				CLANG_WARN_DIRECT_OBJC_ISA_USAGE = YES_ERROR;
				CLANG_WARN_DOCUMENTATION_COMMENTS = YES;
				CLANG_WARN_EMPTY_BODY = YES;
				CLANG_WARN_ENUM_CONVERSION = YES;
				CLANG_WARN_INFINITE_RECURSION = YES;
				CLANG_WARN_INT_CONVERSION = YES;
				CLANG_WARN_NON_LITERAL_NULL_CONVERSION = YES;
				CLANG_WARN_OBJC_IMPLICIT_RETAIN_SELF = YES;
				CLANG_WARN_OBJC_LITERAL_CONVERSION = YES;
				CLANG_WARN_OBJC_ROOT_CLASS = YES_ERROR;
				CLANG_WARN_QUOTED_INCLUDE_IN_FRAMEWORK_HEADER = YES;
				CLANG_WARN_RANGE_LOOP_ANALYSIS = YES;
				CLANG_WARN_STRICT_PROTOTYPES = YES;
				CLANG_WARN_SUSPICIOUS_MOVE = YES;
				CLANG_WARN_UNGUARDED_AVAILABILITY = YES_AGGRESSIVE;
				CLANG_WARN_UNREACHABLE_CODE = YES;
				CLANG_WARN__DUPLICATE_METHOD_MATCH = YES;
				COPY_PHASE_STRIP = NO;
				DEBUG_INFORMATION_FORMAT = "dwarf-with-dsym";
				ENABLE_NS_ASSERTIONS = NO;
				ENABLE_STRICT_OBJC_MSGSEND = YES;
				GCC_C_LANGUAGE_STANDARD = gnu11;
				GCC_NO_COMMON_BLOCKS = YES;
				GCC_WARN_64_TO_32_BIT_CONVERSION = YES;
				GCC_WARN_ABOUT_RETURN_TYPE = YES_ERROR;
				GCC_WARN_UNDECLARED_SELECTOR = YES;
				GCC_WARN_UNINITIALIZED_AUTOS = YES_AGGRESSIVE;
				GCC_WARN_UNUSED_FUNCTION = YES;
				GCC_WARN_UNUSED_VARIABLE = YES;
				IPHONEOS_DEPLOYMENT_TARGET = 13.1;
				MTL_ENABLE_DEBUG_INFO = NO;
				MTL_FAST_MATH = YES;
				SDKROOT = iphoneos;
				SWIFT_COMPILATION_MODE = wholemodule;
				SWIFT_OPTIMIZATION_LEVEL = "-O";
				VALIDATE_PRODUCT = YES;
			};
			name = Release;
		};
		D9A12787235699C700D136A5 /* Debug */ = {
			isa = XCBuildConfiguration;
			buildSettings = {
				ASSETCATALOG_COMPILER_APPICON_NAME = AppIcon;
				CODE_SIGN_STYLE = Automatic;
				DEVELOPMENT_TEAM = U96GUE2A6L;
				INFOPLIST_FILE = Sources/Info.plist;
				LD_RUNPATH_SEARCH_PATHS = (
					"$(inherited)",
					"@executable_path/Frameworks",
				);
				PRODUCT_BUNDLE_IDENTIFIER = "com.saulmorenoabril.steps.iOS-Example";
				PRODUCT_NAME = "$(TARGET_NAME)";
				SWIFT_VERSION = 5.0;
				TARGETED_DEVICE_FAMILY = "1,2";
			};
			name = Debug;
		};
		D9A12788235699C700D136A5 /* Release */ = {
			isa = XCBuildConfiguration;
			buildSettings = {
				ASSETCATALOG_COMPILER_APPICON_NAME = AppIcon;
				CODE_SIGN_STYLE = Automatic;
				DEVELOPMENT_TEAM = U96GUE2A6L;
				INFOPLIST_FILE = Sources/Info.plist;
				LD_RUNPATH_SEARCH_PATHS = (
					"$(inherited)",
					"@executable_path/Frameworks",
				);
				PRODUCT_BUNDLE_IDENTIFIER = "com.saulmorenoabril.steps.iOS-Example";
				PRODUCT_NAME = "$(TARGET_NAME)";
				SWIFT_VERSION = 5.0;
				TARGETED_DEVICE_FAMILY = "1,2";
			};
			name = Release;
		};
/* End XCBuildConfiguration section */

/* Begin XCConfigurationList section */
		D9A1276D235699C600D136A5 /* Build configuration list for PBXProject "Example" */ = {
			isa = XCConfigurationList;
			buildConfigurations = (
				D9A12784235699C700D136A5 /* Debug */,
				D9A12785235699C700D136A5 /* Release */,
			);
			defaultConfigurationIsVisible = 0;
			defaultConfigurationName = Release;
		};
		D9A12786235699C700D136A5 /* Build configuration list for PBXNativeTarget "Example" */ = {
			isa = XCConfigurationList;
			buildConfigurations = (
				D9A12787235699C700D136A5 /* Debug */,
				D9A12788235699C700D136A5 /* Release */,
			);
			defaultConfigurationIsVisible = 0;
			defaultConfigurationName = Release;
		};
/* End XCConfigurationList section */
	};
	rootObject = D9A1276A235699C600D136A5 /* Project object */;
}
