// !$*UTF8*$!
{
	archiveVersion = 1;
	classes = {
	};
	objectVersion = 46;
	objects = {

/* Begin PBXAggregateTarget section */
		"Steps::StepsPackageTests::ProductTarget" /* StepsPackageTests */ = {
			isa = PBXAggregateTarget;
			buildConfigurationList = OBJ_170 /* Build configuration list for PBXAggregateTarget "StepsPackageTests" */;
			buildPhases = (
			);
			dependencies = (
				OBJ_173 /* PBXTargetDependency */,
			);
			name = StepsPackageTests;
			productName = StepsPackageTests;
		};
/* End PBXAggregateTarget section */

/* Begin PBXBuildFile section */
		OBJ_149 /* Container.swift in Sources */ = {isa = PBXBuildFile; fileRef = OBJ_10 /* Container.swift */; };
		OBJ_150 /* Item.swift in Sources */ = {isa = PBXBuildFile; fileRef = OBJ_11 /* Item.swift */; };
		OBJ_151 /* Separator.swift in Sources */ = {isa = PBXBuildFile; fileRef = OBJ_12 /* Separator.swift */; };
		OBJ_152 /* Helpers.swift in Sources */ = {isa = PBXBuildFile; fileRef = OBJ_14 /* Helpers.swift */; };
		OBJ_153 /* OffsetEffect.swift in Sources */ = {isa = PBXBuildFile; fileRef = OBJ_15 /* OffsetEffect.swift */; };
		OBJ_154 /* Step.swift in Sources */ = {isa = PBXBuildFile; fileRef = OBJ_16 /* Step.swift */; };
		OBJ_155 /* StepState.swift in Sources */ = {isa = PBXBuildFile; fileRef = OBJ_17 /* StepState.swift */; };
		OBJ_156 /* Steps.swift in Sources */ = {isa = PBXBuildFile; fileRef = OBJ_18 /* Steps.swift */; };
		OBJ_157 /* Config.swift in Sources */ = {isa = PBXBuildFile; fileRef = OBJ_19 /* Config.swift */; };
		OBJ_158 /* StepsState.swift in Sources */ = {isa = PBXBuildFile; fileRef = OBJ_20 /* StepsState.swift */; };
		OBJ_160 /* SwifterSwiftUI.framework in Frameworks */ = {isa = PBXBuildFile; fileRef = "SwifterSwiftUI::SwifterSwiftUI::Product" /* SwifterSwiftUI.framework */; };
		OBJ_168 /* Package.swift in Sources */ = {isa = PBXBuildFile; fileRef = OBJ_6 /* Package.swift */; };
		OBJ_179 /* OffsetEffectTests.swift in Sources */ = {isa = PBXBuildFile; fileRef = OBJ_23 /* OffsetEffectTests.swift */; };
		OBJ_180 /* StepContainerTests.swift in Sources */ = {isa = PBXBuildFile; fileRef = OBJ_24 /* StepContainerTests.swift */; };
		OBJ_181 /* StepElementTests.swift in Sources */ = {isa = PBXBuildFile; fileRef = OBJ_25 /* StepElementTests.swift */; };
		OBJ_182 /* StepSeparatorTests.swift in Sources */ = {isa = PBXBuildFile; fileRef = OBJ_26 /* StepSeparatorTests.swift */; };
		OBJ_183 /* StepTests.swift in Sources */ = {isa = PBXBuildFile; fileRef = OBJ_27 /* StepTests.swift */; };
		OBJ_184 /* StepsStateTests.swift in Sources */ = {isa = PBXBuildFile; fileRef = OBJ_28 /* StepsStateTests.swift */; };
		OBJ_185 /* StepsTests.swift in Sources */ = {isa = PBXBuildFile; fileRef = OBJ_29 /* StepsTests.swift */; };
		OBJ_186 /* TestsHelper.swift in Sources */ = {isa = PBXBuildFile; fileRef = OBJ_30 /* TestsHelper.swift */; };
		OBJ_187 /* XCTestManifests.swift in Sources */ = {isa = PBXBuildFile; fileRef = OBJ_31 /* XCTestManifests.swift */; };
		OBJ_189 /* ViewInspector.framework in Frameworks */ = {isa = PBXBuildFile; fileRef = "ViewInspector::ViewInspector::Product" /* ViewInspector.framework */; };
		OBJ_190 /* Steps.framework in Frameworks */ = {isa = PBXBuildFile; fileRef = "Steps::Steps::Product" /* Steps.framework */; };
		OBJ_191 /* SwifterSwiftUI.framework in Frameworks */ = {isa = PBXBuildFile; fileRef = "SwifterSwiftUI::SwifterSwiftUI::Product" /* SwifterSwiftUI.framework */; };
		OBJ_200 /* PublishedOnMain.swift in Sources */ = {isa = PBXBuildFile; fileRef = OBJ_37 /* PublishedOnMain.swift */; };
		OBJ_201 /* Publisher+Extensions.swift in Sources */ = {isa = PBXBuildFile; fileRef = OBJ_38 /* Publisher+Extensions.swift */; };
		OBJ_202 /* Subscribers+Extensions.swift in Sources */ = {isa = PBXBuildFile; fileRef = OBJ_39 /* Subscribers+Extensions.swift */; };
		OBJ_203 /* Mutable.swift in Sources */ = {isa = PBXBuildFile; fileRef = OBJ_41 /* Mutable.swift */; };
		OBJ_204 /* Optional+Extensions.swift in Sources */ = {isa = PBXBuildFile; fileRef = OBJ_42 /* Optional+Extensions.swift */; };
		OBJ_205 /* UserDefault.swift in Sources */ = {isa = PBXBuildFile; fileRef = OBJ_44 /* UserDefault.swift */; };
		OBJ_206 /* UserDefaultCodable.swift in Sources */ = {isa = PBXBuildFile; fileRef = OBJ_45 /* UserDefaultCodable.swift */; };
		OBJ_207 /* UserDefaultEnum.swift in Sources */ = {isa = PBXBuildFile; fileRef = OBJ_46 /* UserDefaultEnum.swift */; };
		OBJ_208 /* Result+Extensions.swift in Sources */ = {isa = PBXBuildFile; fileRef = OBJ_47 /* Result+Extensions.swift */; };
		OBJ_209 /* Color+Extensions.swift in Sources */ = {isa = PBXBuildFile; fileRef = OBJ_49 /* Color+Extensions.swift */; };
		OBJ_210 /* Image+Extensions.swift in Sources */ = {isa = PBXBuildFile; fileRef = OBJ_50 /* Image+Extensions.swift */; };
		OBJ_211 /* LinearGradient+Extensions.swift in Sources */ = {isa = PBXBuildFile; fileRef = OBJ_51 /* LinearGradient+Extensions.swift */; };
		OBJ_212 /* SizeViewModifier.swift in Sources */ = {isa = PBXBuildFile; fileRef = OBJ_53 /* SizeViewModifier.swift */; };
		OBJ_213 /* IfLet.swift in Sources */ = {isa = PBXBuildFile; fileRef = OBJ_55 /* IfLet.swift */; };
		OBJ_214 /* View+Extensions.swift in Sources */ = {isa = PBXBuildFile; fileRef = OBJ_56 /* View+Extensions.swift */; };
		OBJ_215 /* View+Modifiers.swift in Sources */ = {isa = PBXBuildFile; fileRef = OBJ_57 /* View+Modifiers.swift */; };
		OBJ_222 /* Package.swift in Sources */ = {isa = PBXBuildFile; fileRef = OBJ_58 /* Package.swift */; };
		OBJ_227 /* BaseTypes.swift in Sources */ = {isa = PBXBuildFile; fileRef = OBJ_61 /* BaseTypes.swift */; };
		OBJ_228 /* InspectableView.swift in Sources */ = {isa = PBXBuildFile; fileRef = OBJ_62 /* InspectableView.swift */; };
		OBJ_229 /* InspectionEmissary.swift in Sources */ = {isa = PBXBuildFile; fileRef = OBJ_63 /* InspectionEmissary.swift */; };
		OBJ_230 /* Inspector.swift in Sources */ = {isa = PBXBuildFile; fileRef = OBJ_64 /* Inspector.swift */; };
		OBJ_231 /* AccessibilityModifiers.swift in Sources */ = {isa = PBXBuildFile; fileRef = OBJ_66 /* AccessibilityModifiers.swift */; };
		OBJ_232 /* AnimationModifiers.swift in Sources */ = {isa = PBXBuildFile; fileRef = OBJ_67 /* AnimationModifiers.swift */; };
		OBJ_233 /* EventsModifiers.swift in Sources */ = {isa = PBXBuildFile; fileRef = OBJ_68 /* EventsModifiers.swift */; };
		OBJ_234 /* GestureModifiers.swift in Sources */ = {isa = PBXBuildFile; fileRef = OBJ_69 /* GestureModifiers.swift */; };
		OBJ_235 /* InteractionModifiers.swift in Sources */ = {isa = PBXBuildFile; fileRef = OBJ_70 /* InteractionModifiers.swift */; };
		OBJ_236 /* PositioningModifiers.swift in Sources */ = {isa = PBXBuildFile; fileRef = OBJ_71 /* PositioningModifiers.swift */; };
		OBJ_237 /* PreviewModifiers.swift in Sources */ = {isa = PBXBuildFile; fileRef = OBJ_72 /* PreviewModifiers.swift */; };
		OBJ_238 /* SizingModifiers.swift in Sources */ = {isa = PBXBuildFile; fileRef = OBJ_73 /* SizingModifiers.swift */; };
		OBJ_239 /* VisualEffectModifiers.swift in Sources */ = {isa = PBXBuildFile; fileRef = OBJ_74 /* VisualEffectModifiers.swift */; };
		OBJ_240 /* AngularGradient.swift in Sources */ = {isa = PBXBuildFile; fileRef = OBJ_76 /* AngularGradient.swift */; };
		OBJ_241 /* AnyView.swift in Sources */ = {isa = PBXBuildFile; fileRef = OBJ_77 /* AnyView.swift */; };
		OBJ_242 /* Button.swift in Sources */ = {isa = PBXBuildFile; fileRef = OBJ_78 /* Button.swift */; };
		OBJ_243 /* ClassifiedView.swift in Sources */ = {isa = PBXBuildFile; fileRef = OBJ_79 /* ClassifiedView.swift */; };
		OBJ_244 /* ConditionalContent.swift in Sources */ = {isa = PBXBuildFile; fileRef = OBJ_80 /* ConditionalContent.swift */; };
		OBJ_245 /* CustomView.swift in Sources */ = {isa = PBXBuildFile; fileRef = OBJ_81 /* CustomView.swift */; };
		OBJ_246 /* DatePicker.swift in Sources */ = {isa = PBXBuildFile; fileRef = OBJ_82 /* DatePicker.swift */; };
		OBJ_247 /* DelayedPreferenceView.swift in Sources */ = {isa = PBXBuildFile; fileRef = OBJ_83 /* DelayedPreferenceView.swift */; };
		OBJ_248 /* Divider.swift in Sources */ = {isa = PBXBuildFile; fileRef = OBJ_84 /* Divider.swift */; };
		OBJ_249 /* EditButton.swift in Sources */ = {isa = PBXBuildFile; fileRef = OBJ_85 /* EditButton.swift */; };
		OBJ_250 /* EmptyView.swift in Sources */ = {isa = PBXBuildFile; fileRef = OBJ_86 /* EmptyView.swift */; };
		OBJ_251 /* EnvironmentReaderView.swift in Sources */ = {isa = PBXBuildFile; fileRef = OBJ_87 /* EnvironmentReaderView.swift */; };
		OBJ_252 /* EquatableView.swift in Sources */ = {isa = PBXBuildFile; fileRef = OBJ_88 /* EquatableView.swift */; };
		OBJ_253 /* ForEach.swift in Sources */ = {isa = PBXBuildFile; fileRef = OBJ_89 /* ForEach.swift */; };
		OBJ_254 /* Form.swift in Sources */ = {isa = PBXBuildFile; fileRef = OBJ_90 /* Form.swift */; };
		OBJ_255 /* GeometryReader.swift in Sources */ = {isa = PBXBuildFile; fileRef = OBJ_91 /* GeometryReader.swift */; };
		OBJ_256 /* Group.swift in Sources */ = {isa = PBXBuildFile; fileRef = OBJ_92 /* Group.swift */; };
		OBJ_257 /* GroupBox.swift in Sources */ = {isa = PBXBuildFile; fileRef = OBJ_93 /* GroupBox.swift */; };
		OBJ_258 /* HSplitView.swift in Sources */ = {isa = PBXBuildFile; fileRef = OBJ_94 /* HSplitView.swift */; };
		OBJ_259 /* HStack.swift in Sources */ = {isa = PBXBuildFile; fileRef = OBJ_95 /* HStack.swift */; };
		OBJ_260 /* IDView.swift in Sources */ = {isa = PBXBuildFile; fileRef = OBJ_96 /* IDView.swift */; };
		OBJ_261 /* Image.swift in Sources */ = {isa = PBXBuildFile; fileRef = OBJ_97 /* Image.swift */; };
		OBJ_262 /* LinearGradient.swift in Sources */ = {isa = PBXBuildFile; fileRef = OBJ_98 /* LinearGradient.swift */; };
		OBJ_263 /* List.swift in Sources */ = {isa = PBXBuildFile; fileRef = OBJ_99 /* List.swift */; };
		OBJ_264 /* MenuButton.swift in Sources */ = {isa = PBXBuildFile; fileRef = OBJ_100 /* MenuButton.swift */; };
		OBJ_265 /* ModifiedContent.swift in Sources */ = {isa = PBXBuildFile; fileRef = OBJ_101 /* ModifiedContent.swift */; };
		OBJ_266 /* NavigationLink.swift in Sources */ = {isa = PBXBuildFile; fileRef = OBJ_102 /* NavigationLink.swift */; };
		OBJ_267 /* NavigationView.swift in Sources */ = {isa = PBXBuildFile; fileRef = OBJ_103 /* NavigationView.swift */; };
		OBJ_268 /* OptionalContent.swift in Sources */ = {isa = PBXBuildFile; fileRef = OBJ_104 /* OptionalContent.swift */; };
		OBJ_269 /* PasteButton.swift in Sources */ = {isa = PBXBuildFile; fileRef = OBJ_105 /* PasteButton.swift */; };
		OBJ_270 /* Picker.swift in Sources */ = {isa = PBXBuildFile; fileRef = OBJ_106 /* Picker.swift */; };
		OBJ_271 /* RadialGradient.swift in Sources */ = {isa = PBXBuildFile; fileRef = OBJ_107 /* RadialGradient.swift */; };
		OBJ_272 /* ScrollView.swift in Sources */ = {isa = PBXBuildFile; fileRef = OBJ_108 /* ScrollView.swift */; };
		OBJ_273 /* Section.swift in Sources */ = {isa = PBXBuildFile; fileRef = OBJ_109 /* Section.swift */; };
		OBJ_274 /* SecureField.swift in Sources */ = {isa = PBXBuildFile; fileRef = OBJ_110 /* SecureField.swift */; };
		OBJ_275 /* Shape.swift in Sources */ = {isa = PBXBuildFile; fileRef = OBJ_111 /* Shape.swift */; };
		OBJ_276 /* Slider.swift in Sources */ = {isa = PBXBuildFile; fileRef = OBJ_112 /* Slider.swift */; };
		OBJ_277 /* Spacer.swift in Sources */ = {isa = PBXBuildFile; fileRef = OBJ_113 /* Spacer.swift */; };
		OBJ_278 /* Stepper.swift in Sources */ = {isa = PBXBuildFile; fileRef = OBJ_114 /* Stepper.swift */; };
		OBJ_279 /* SubscriptionView.swift in Sources */ = {isa = PBXBuildFile; fileRef = OBJ_115 /* SubscriptionView.swift */; };
		OBJ_280 /* TabView.swift in Sources */ = {isa = PBXBuildFile; fileRef = OBJ_116 /* TabView.swift */; };
		OBJ_281 /* Text.swift in Sources */ = {isa = PBXBuildFile; fileRef = OBJ_117 /* Text.swift */; };
		OBJ_282 /* TextField.swift in Sources */ = {isa = PBXBuildFile; fileRef = OBJ_118 /* TextField.swift */; };
		OBJ_283 /* Toggle.swift in Sources */ = {isa = PBXBuildFile; fileRef = OBJ_119 /* Toggle.swift */; };
		OBJ_284 /* TouchBar.swift in Sources */ = {isa = PBXBuildFile; fileRef = OBJ_120 /* TouchBar.swift */; };
		OBJ_285 /* TreeView.swift in Sources */ = {isa = PBXBuildFile; fileRef = OBJ_121 /* TreeView.swift */; };
		OBJ_286 /* VSplitView.swift in Sources */ = {isa = PBXBuildFile; fileRef = OBJ_122 /* VSplitView.swift */; };
		OBJ_287 /* VStack.swift in Sources */ = {isa = PBXBuildFile; fileRef = OBJ_123 /* VStack.swift */; };
		OBJ_288 /* ZStack.swift in Sources */ = {isa = PBXBuildFile; fileRef = OBJ_124 /* ZStack.swift */; };
		OBJ_289 /* ViewHosting.swift in Sources */ = {isa = PBXBuildFile; fileRef = OBJ_125 /* ViewHosting.swift */; };
		OBJ_296 /* Package.swift in Sources */ = {isa = PBXBuildFile; fileRef = OBJ_126 /* Package.swift */; };
/* End PBXBuildFile section */

/* Begin PBXContainerItemProxy section */
		9CBD86832493E4C200022EDC /* PBXContainerItemProxy */ = {
			isa = PBXContainerItemProxy;
			containerPortal = OBJ_1 /* Project object */;
			proxyType = 1;
			remoteGlobalIDString = "SwifterSwiftUI::SwifterSwiftUI";
			remoteInfo = SwifterSwiftUI;
		};
		9CBD86842493E4C200022EDC /* PBXContainerItemProxy */ = {
			isa = PBXContainerItemProxy;
			containerPortal = OBJ_1 /* Project object */;
			proxyType = 1;
			remoteGlobalIDString = "ViewInspector::ViewInspector";
			remoteInfo = ViewInspector;
		};
		9CBD86852493E4C200022EDC /* PBXContainerItemProxy */ = {
			isa = PBXContainerItemProxy;
			containerPortal = OBJ_1 /* Project object */;
			proxyType = 1;
			remoteGlobalIDString = "Steps::Steps";
			remoteInfo = Steps;
		};
		9CBD86862493E4C200022EDC /* PBXContainerItemProxy */ = {
			isa = PBXContainerItemProxy;
			containerPortal = OBJ_1 /* Project object */;
			proxyType = 1;
			remoteGlobalIDString = "SwifterSwiftUI::SwifterSwiftUI";
			remoteInfo = SwifterSwiftUI;
		};
		9CBD86872493E4C200022EDC /* PBXContainerItemProxy */ = {
			isa = PBXContainerItemProxy;
			containerPortal = OBJ_1 /* Project object */;
			proxyType = 1;
			remoteGlobalIDString = "Steps::StepsTests";
			remoteInfo = StepsTests;
		};
/* End PBXContainerItemProxy section */

/* Begin PBXFileReference section */
		OBJ_10 /* Container.swift */ = {isa = PBXFileReference; lastKnownFileType = sourcecode.swift; path = Container.swift; sourceTree = "<group>"; };
		OBJ_100 /* MenuButton.swift */ = {isa = PBXFileReference; lastKnownFileType = sourcecode.swift; path = MenuButton.swift; sourceTree = "<group>"; };
		OBJ_101 /* ModifiedContent.swift */ = {isa = PBXFileReference; lastKnownFileType = sourcecode.swift; path = ModifiedContent.swift; sourceTree = "<group>"; };
		OBJ_102 /* NavigationLink.swift */ = {isa = PBXFileReference; lastKnownFileType = sourcecode.swift; path = NavigationLink.swift; sourceTree = "<group>"; };
		OBJ_103 /* NavigationView.swift */ = {isa = PBXFileReference; lastKnownFileType = sourcecode.swift; path = NavigationView.swift; sourceTree = "<group>"; };
		OBJ_104 /* OptionalContent.swift */ = {isa = PBXFileReference; lastKnownFileType = sourcecode.swift; path = OptionalContent.swift; sourceTree = "<group>"; };
		OBJ_105 /* PasteButton.swift */ = {isa = PBXFileReference; lastKnownFileType = sourcecode.swift; path = PasteButton.swift; sourceTree = "<group>"; };
		OBJ_106 /* Picker.swift */ = {isa = PBXFileReference; lastKnownFileType = sourcecode.swift; path = Picker.swift; sourceTree = "<group>"; };
		OBJ_107 /* RadialGradient.swift */ = {isa = PBXFileReference; lastKnownFileType = sourcecode.swift; path = RadialGradient.swift; sourceTree = "<group>"; };
		OBJ_108 /* ScrollView.swift */ = {isa = PBXFileReference; lastKnownFileType = sourcecode.swift; path = ScrollView.swift; sourceTree = "<group>"; };
		OBJ_109 /* Section.swift */ = {isa = PBXFileReference; lastKnownFileType = sourcecode.swift; path = Section.swift; sourceTree = "<group>"; };
		OBJ_11 /* Item.swift */ = {isa = PBXFileReference; lastKnownFileType = sourcecode.swift; path = Item.swift; sourceTree = "<group>"; };
		OBJ_110 /* SecureField.swift */ = {isa = PBXFileReference; lastKnownFileType = sourcecode.swift; path = SecureField.swift; sourceTree = "<group>"; };
		OBJ_111 /* Shape.swift */ = {isa = PBXFileReference; lastKnownFileType = sourcecode.swift; path = Shape.swift; sourceTree = "<group>"; };
		OBJ_112 /* Slider.swift */ = {isa = PBXFileReference; lastKnownFileType = sourcecode.swift; path = Slider.swift; sourceTree = "<group>"; };
		OBJ_113 /* Spacer.swift */ = {isa = PBXFileReference; lastKnownFileType = sourcecode.swift; path = Spacer.swift; sourceTree = "<group>"; };
		OBJ_114 /* Stepper.swift */ = {isa = PBXFileReference; lastKnownFileType = sourcecode.swift; path = Stepper.swift; sourceTree = "<group>"; };
		OBJ_115 /* SubscriptionView.swift */ = {isa = PBXFileReference; lastKnownFileType = sourcecode.swift; path = SubscriptionView.swift; sourceTree = "<group>"; };
		OBJ_116 /* TabView.swift */ = {isa = PBXFileReference; lastKnownFileType = sourcecode.swift; path = TabView.swift; sourceTree = "<group>"; };
		OBJ_117 /* Text.swift */ = {isa = PBXFileReference; lastKnownFileType = sourcecode.swift; path = Text.swift; sourceTree = "<group>"; };
		OBJ_118 /* TextField.swift */ = {isa = PBXFileReference; lastKnownFileType = sourcecode.swift; path = TextField.swift; sourceTree = "<group>"; };
		OBJ_119 /* Toggle.swift */ = {isa = PBXFileReference; lastKnownFileType = sourcecode.swift; path = Toggle.swift; sourceTree = "<group>"; };
		OBJ_12 /* Separator.swift */ = {isa = PBXFileReference; lastKnownFileType = sourcecode.swift; path = Separator.swift; sourceTree = "<group>"; };
		OBJ_120 /* TouchBar.swift */ = {isa = PBXFileReference; lastKnownFileType = sourcecode.swift; path = TouchBar.swift; sourceTree = "<group>"; };
		OBJ_121 /* TreeView.swift */ = {isa = PBXFileReference; lastKnownFileType = sourcecode.swift; path = TreeView.swift; sourceTree = "<group>"; };
		OBJ_122 /* VSplitView.swift */ = {isa = PBXFileReference; lastKnownFileType = sourcecode.swift; path = VSplitView.swift; sourceTree = "<group>"; };
		OBJ_123 /* VStack.swift */ = {isa = PBXFileReference; lastKnownFileType = sourcecode.swift; path = VStack.swift; sourceTree = "<group>"; };
		OBJ_124 /* ZStack.swift */ = {isa = PBXFileReference; lastKnownFileType = sourcecode.swift; path = ZStack.swift; sourceTree = "<group>"; };
		OBJ_125 /* ViewHosting.swift */ = {isa = PBXFileReference; lastKnownFileType = sourcecode.swift; path = ViewHosting.swift; sourceTree = "<group>"; };
		OBJ_126 /* Package.swift */ = {isa = PBXFileReference; explicitFileType = sourcecode.swift; name = Package.swift; path = /Users/93sauu/repositories/Steps/.build/checkouts/ViewInspector/Package.swift; sourceTree = "<group>"; };
		OBJ_132 /* Example */ = {isa = PBXFileReference; lastKnownFileType = folder; path = Example; sourceTree = SOURCE_ROOT; };
		OBJ_133 /* Steps.xcworkspace */ = {isa = PBXFileReference; lastKnownFileType = wrapper.workspace; path = Steps.xcworkspace; sourceTree = SOURCE_ROOT; };
		OBJ_134 /* fastlane */ = {isa = PBXFileReference; lastKnownFileType = folder; path = fastlane; sourceTree = SOURCE_ROOT; };
		OBJ_135 /* Assets */ = {isa = PBXFileReference; lastKnownFileType = folder; path = Assets; sourceTree = SOURCE_ROOT; };
		OBJ_136 /* LICENSE */ = {isa = PBXFileReference; lastKnownFileType = text; path = LICENSE; sourceTree = "<group>"; };
		OBJ_137 /* CHANGELOG.md */ = {isa = PBXFileReference; lastKnownFileType = net.daringfireball.markdown; path = CHANGELOG.md; sourceTree = "<group>"; };
		OBJ_138 /* CHANGELOG_GUIDELINES.md */ = {isa = PBXFileReference; lastKnownFileType = net.daringfireball.markdown; path = CHANGELOG_GUIDELINES.md; sourceTree = "<group>"; };
		OBJ_139 /* README.md */ = {isa = PBXFileReference; lastKnownFileType = net.daringfireball.markdown; path = README.md; sourceTree = "<group>"; };
		OBJ_14 /* Helpers.swift */ = {isa = PBXFileReference; lastKnownFileType = sourcecode.swift; path = Helpers.swift; sourceTree = "<group>"; };
		OBJ_140 /* Steps.podspec */ = {isa = PBXFileReference; lastKnownFileType = text; path = Steps.podspec; sourceTree = "<group>"; };
		OBJ_141 /* CONTRIBUTING.md */ = {isa = PBXFileReference; lastKnownFileType = net.daringfireball.markdown; path = CONTRIBUTING.md; sourceTree = "<group>"; };
		OBJ_142 /* Gemfile */ = {isa = PBXFileReference; lastKnownFileType = text; path = Gemfile; sourceTree = "<group>"; };
		OBJ_143 /* Gemfile.lock */ = {isa = PBXFileReference; lastKnownFileType = text; path = Gemfile.lock; sourceTree = "<group>"; };
		OBJ_15 /* OffsetEffect.swift */ = {isa = PBXFileReference; lastKnownFileType = sourcecode.swift; path = OffsetEffect.swift; sourceTree = "<group>"; };
		OBJ_16 /* Step.swift */ = {isa = PBXFileReference; lastKnownFileType = sourcecode.swift; path = Step.swift; sourceTree = "<group>"; };
		OBJ_17 /* StepState.swift */ = {isa = PBXFileReference; lastKnownFileType = sourcecode.swift; path = StepState.swift; sourceTree = "<group>"; };
		OBJ_18 /* Steps.swift */ = {isa = PBXFileReference; lastKnownFileType = sourcecode.swift; path = Steps.swift; sourceTree = "<group>"; };
		OBJ_19 /* Config.swift */ = {isa = PBXFileReference; lastKnownFileType = sourcecode.swift; path = Config.swift; sourceTree = "<group>"; };
		OBJ_20 /* StepsState.swift */ = {isa = PBXFileReference; lastKnownFileType = sourcecode.swift; path = StepsState.swift; sourceTree = "<group>"; };
		OBJ_23 /* OffsetEffectTests.swift */ = {isa = PBXFileReference; lastKnownFileType = sourcecode.swift; path = OffsetEffectTests.swift; sourceTree = "<group>"; };
		OBJ_24 /* StepContainerTests.swift */ = {isa = PBXFileReference; lastKnownFileType = sourcecode.swift; path = StepContainerTests.swift; sourceTree = "<group>"; };
		OBJ_25 /* StepElementTests.swift */ = {isa = PBXFileReference; lastKnownFileType = sourcecode.swift; path = StepElementTests.swift; sourceTree = "<group>"; };
		OBJ_26 /* StepSeparatorTests.swift */ = {isa = PBXFileReference; lastKnownFileType = sourcecode.swift; path = StepSeparatorTests.swift; sourceTree = "<group>"; };
		OBJ_27 /* StepTests.swift */ = {isa = PBXFileReference; lastKnownFileType = sourcecode.swift; path = StepTests.swift; sourceTree = "<group>"; };
		OBJ_28 /* StepsStateTests.swift */ = {isa = PBXFileReference; lastKnownFileType = sourcecode.swift; path = StepsStateTests.swift; sourceTree = "<group>"; };
		OBJ_29 /* StepsTests.swift */ = {isa = PBXFileReference; lastKnownFileType = sourcecode.swift; path = StepsTests.swift; sourceTree = "<group>"; };
		OBJ_30 /* TestsHelper.swift */ = {isa = PBXFileReference; lastKnownFileType = sourcecode.swift; path = TestsHelper.swift; sourceTree = "<group>"; };
		OBJ_31 /* XCTestManifests.swift */ = {isa = PBXFileReference; lastKnownFileType = sourcecode.swift; path = XCTestManifests.swift; sourceTree = "<group>"; };
		OBJ_37 /* PublishedOnMain.swift */ = {isa = PBXFileReference; lastKnownFileType = sourcecode.swift; path = PublishedOnMain.swift; sourceTree = "<group>"; };
		OBJ_38 /* Publisher+Extensions.swift */ = {isa = PBXFileReference; lastKnownFileType = sourcecode.swift; path = "Publisher+Extensions.swift"; sourceTree = "<group>"; };
		OBJ_39 /* Subscribers+Extensions.swift */ = {isa = PBXFileReference; lastKnownFileType = sourcecode.swift; path = "Subscribers+Extensions.swift"; sourceTree = "<group>"; };
		OBJ_41 /* Mutable.swift */ = {isa = PBXFileReference; lastKnownFileType = sourcecode.swift; path = Mutable.swift; sourceTree = "<group>"; };
		OBJ_42 /* Optional+Extensions.swift */ = {isa = PBXFileReference; lastKnownFileType = sourcecode.swift; path = "Optional+Extensions.swift"; sourceTree = "<group>"; };
		OBJ_44 /* UserDefault.swift */ = {isa = PBXFileReference; lastKnownFileType = sourcecode.swift; path = UserDefault.swift; sourceTree = "<group>"; };
		OBJ_45 /* UserDefaultCodable.swift */ = {isa = PBXFileReference; lastKnownFileType = sourcecode.swift; path = UserDefaultCodable.swift; sourceTree = "<group>"; };
		OBJ_46 /* UserDefaultEnum.swift */ = {isa = PBXFileReference; lastKnownFileType = sourcecode.swift; path = UserDefaultEnum.swift; sourceTree = "<group>"; };
		OBJ_47 /* Result+Extensions.swift */ = {isa = PBXFileReference; lastKnownFileType = sourcecode.swift; path = "Result+Extensions.swift"; sourceTree = "<group>"; };
		OBJ_49 /* Color+Extensions.swift */ = {isa = PBXFileReference; lastKnownFileType = sourcecode.swift; path = "Color+Extensions.swift"; sourceTree = "<group>"; };
		OBJ_50 /* Image+Extensions.swift */ = {isa = PBXFileReference; lastKnownFileType = sourcecode.swift; path = "Image+Extensions.swift"; sourceTree = "<group>"; };
		OBJ_51 /* LinearGradient+Extensions.swift */ = {isa = PBXFileReference; lastKnownFileType = sourcecode.swift; path = "LinearGradient+Extensions.swift"; sourceTree = "<group>"; };
		OBJ_53 /* SizeViewModifier.swift */ = {isa = PBXFileReference; lastKnownFileType = sourcecode.swift; path = SizeViewModifier.swift; sourceTree = "<group>"; };
		OBJ_55 /* IfLet.swift */ = {isa = PBXFileReference; lastKnownFileType = sourcecode.swift; path = IfLet.swift; sourceTree = "<group>"; };
		OBJ_56 /* View+Extensions.swift */ = {isa = PBXFileReference; lastKnownFileType = sourcecode.swift; path = "View+Extensions.swift"; sourceTree = "<group>"; };
		OBJ_57 /* View+Modifiers.swift */ = {isa = PBXFileReference; lastKnownFileType = sourcecode.swift; path = "View+Modifiers.swift"; sourceTree = "<group>"; };
		OBJ_58 /* Package.swift */ = {isa = PBXFileReference; explicitFileType = sourcecode.swift; name = Package.swift; path = /Users/93sauu/repositories/Steps/.build/checkouts/SwifterSwiftUI/Package.swift; sourceTree = "<group>"; };
		OBJ_6 /* Package.swift */ = {isa = PBXFileReference; explicitFileType = sourcecode.swift; path = Package.swift; sourceTree = "<group>"; };
		OBJ_61 /* BaseTypes.swift */ = {isa = PBXFileReference; lastKnownFileType = sourcecode.swift; path = BaseTypes.swift; sourceTree = "<group>"; };
		OBJ_62 /* InspectableView.swift */ = {isa = PBXFileReference; lastKnownFileType = sourcecode.swift; path = InspectableView.swift; sourceTree = "<group>"; };
		OBJ_63 /* InspectionEmissary.swift */ = {isa = PBXFileReference; lastKnownFileType = sourcecode.swift; path = InspectionEmissary.swift; sourceTree = "<group>"; };
		OBJ_64 /* Inspector.swift */ = {isa = PBXFileReference; lastKnownFileType = sourcecode.swift; path = Inspector.swift; sourceTree = "<group>"; };
		OBJ_66 /* AccessibilityModifiers.swift */ = {isa = PBXFileReference; lastKnownFileType = sourcecode.swift; path = AccessibilityModifiers.swift; sourceTree = "<group>"; };
		OBJ_67 /* AnimationModifiers.swift */ = {isa = PBXFileReference; lastKnownFileType = sourcecode.swift; path = AnimationModifiers.swift; sourceTree = "<group>"; };
		OBJ_68 /* EventsModifiers.swift */ = {isa = PBXFileReference; lastKnownFileType = sourcecode.swift; path = EventsModifiers.swift; sourceTree = "<group>"; };
		OBJ_69 /* GestureModifiers.swift */ = {isa = PBXFileReference; lastKnownFileType = sourcecode.swift; path = GestureModifiers.swift; sourceTree = "<group>"; };
		OBJ_70 /* InteractionModifiers.swift */ = {isa = PBXFileReference; lastKnownFileType = sourcecode.swift; path = InteractionModifiers.swift; sourceTree = "<group>"; };
		OBJ_71 /* PositioningModifiers.swift */ = {isa = PBXFileReference; lastKnownFileType = sourcecode.swift; path = PositioningModifiers.swift; sourceTree = "<group>"; };
		OBJ_72 /* PreviewModifiers.swift */ = {isa = PBXFileReference; lastKnownFileType = sourcecode.swift; path = PreviewModifiers.swift; sourceTree = "<group>"; };
		OBJ_73 /* SizingModifiers.swift */ = {isa = PBXFileReference; lastKnownFileType = sourcecode.swift; path = SizingModifiers.swift; sourceTree = "<group>"; };
		OBJ_74 /* VisualEffectModifiers.swift */ = {isa = PBXFileReference; lastKnownFileType = sourcecode.swift; path = VisualEffectModifiers.swift; sourceTree = "<group>"; };
		OBJ_76 /* AngularGradient.swift */ = {isa = PBXFileReference; lastKnownFileType = sourcecode.swift; path = AngularGradient.swift; sourceTree = "<group>"; };
		OBJ_77 /* AnyView.swift */ = {isa = PBXFileReference; lastKnownFileType = sourcecode.swift; path = AnyView.swift; sourceTree = "<group>"; };
		OBJ_78 /* Button.swift */ = {isa = PBXFileReference; lastKnownFileType = sourcecode.swift; path = Button.swift; sourceTree = "<group>"; };
		OBJ_79 /* ClassifiedView.swift */ = {isa = PBXFileReference; lastKnownFileType = sourcecode.swift; path = ClassifiedView.swift; sourceTree = "<group>"; };
		OBJ_80 /* ConditionalContent.swift */ = {isa = PBXFileReference; lastKnownFileType = sourcecode.swift; path = ConditionalContent.swift; sourceTree = "<group>"; };
		OBJ_81 /* CustomView.swift */ = {isa = PBXFileReference; lastKnownFileType = sourcecode.swift; path = CustomView.swift; sourceTree = "<group>"; };
		OBJ_82 /* DatePicker.swift */ = {isa = PBXFileReference; lastKnownFileType = sourcecode.swift; path = DatePicker.swift; sourceTree = "<group>"; };
		OBJ_83 /* DelayedPreferenceView.swift */ = {isa = PBXFileReference; lastKnownFileType = sourcecode.swift; path = DelayedPreferenceView.swift; sourceTree = "<group>"; };
		OBJ_84 /* Divider.swift */ = {isa = PBXFileReference; lastKnownFileType = sourcecode.swift; path = Divider.swift; sourceTree = "<group>"; };
		OBJ_85 /* EditButton.swift */ = {isa = PBXFileReference; lastKnownFileType = sourcecode.swift; path = EditButton.swift; sourceTree = "<group>"; };
		OBJ_86 /* EmptyView.swift */ = {isa = PBXFileReference; lastKnownFileType = sourcecode.swift; path = EmptyView.swift; sourceTree = "<group>"; };
		OBJ_87 /* EnvironmentReaderView.swift */ = {isa = PBXFileReference; lastKnownFileType = sourcecode.swift; path = EnvironmentReaderView.swift; sourceTree = "<group>"; };
		OBJ_88 /* EquatableView.swift */ = {isa = PBXFileReference; lastKnownFileType = sourcecode.swift; path = EquatableView.swift; sourceTree = "<group>"; };
		OBJ_89 /* ForEach.swift */ = {isa = PBXFileReference; lastKnownFileType = sourcecode.swift; path = ForEach.swift; sourceTree = "<group>"; };
		OBJ_90 /* Form.swift */ = {isa = PBXFileReference; lastKnownFileType = sourcecode.swift; path = Form.swift; sourceTree = "<group>"; };
		OBJ_91 /* GeometryReader.swift */ = {isa = PBXFileReference; lastKnownFileType = sourcecode.swift; path = GeometryReader.swift; sourceTree = "<group>"; };
		OBJ_92 /* Group.swift */ = {isa = PBXFileReference; lastKnownFileType = sourcecode.swift; path = Group.swift; sourceTree = "<group>"; };
		OBJ_93 /* GroupBox.swift */ = {isa = PBXFileReference; lastKnownFileType = sourcecode.swift; path = GroupBox.swift; sourceTree = "<group>"; };
		OBJ_94 /* HSplitView.swift */ = {isa = PBXFileReference; lastKnownFileType = sourcecode.swift; path = HSplitView.swift; sourceTree = "<group>"; };
		OBJ_95 /* HStack.swift */ = {isa = PBXFileReference; lastKnownFileType = sourcecode.swift; path = HStack.swift; sourceTree = "<group>"; };
		OBJ_96 /* IDView.swift */ = {isa = PBXFileReference; lastKnownFileType = sourcecode.swift; path = IDView.swift; sourceTree = "<group>"; };
		OBJ_97 /* Image.swift */ = {isa = PBXFileReference; lastKnownFileType = sourcecode.swift; path = Image.swift; sourceTree = "<group>"; };
		OBJ_98 /* LinearGradient.swift */ = {isa = PBXFileReference; lastKnownFileType = sourcecode.swift; path = LinearGradient.swift; sourceTree = "<group>"; };
		OBJ_99 /* List.swift */ = {isa = PBXFileReference; lastKnownFileType = sourcecode.swift; path = List.swift; sourceTree = "<group>"; };
		"Steps::Steps::Product" /* Steps.framework */ = {isa = PBXFileReference; lastKnownFileType = wrapper.framework; path = Steps.framework; sourceTree = BUILT_PRODUCTS_DIR; };
		"Steps::StepsTests::Product" /* StepsTests.xctest */ = {isa = PBXFileReference; lastKnownFileType = file; path = StepsTests.xctest; sourceTree = BUILT_PRODUCTS_DIR; };
		"SwifterSwiftUI::SwifterSwiftUI::Product" /* SwifterSwiftUI.framework */ = {isa = PBXFileReference; lastKnownFileType = wrapper.framework; path = SwifterSwiftUI.framework; sourceTree = BUILT_PRODUCTS_DIR; };
		"ViewInspector::ViewInspector::Product" /* ViewInspector.framework */ = {isa = PBXFileReference; lastKnownFileType = wrapper.framework; path = ViewInspector.framework; sourceTree = BUILT_PRODUCTS_DIR; };
/* End PBXFileReference section */

/* Begin PBXFrameworksBuildPhase section */
		OBJ_159 /* Frameworks */ = {
			isa = PBXFrameworksBuildPhase;
			buildActionMask = 0;
			files = (
				OBJ_160 /* SwifterSwiftUI.framework in Frameworks */,
			);
			runOnlyForDeploymentPostprocessing = 0;
		};
		OBJ_188 /* Frameworks */ = {
			isa = PBXFrameworksBuildPhase;
			buildActionMask = 0;
			files = (
				OBJ_189 /* ViewInspector.framework in Frameworks */,
				OBJ_190 /* Steps.framework in Frameworks */,
				OBJ_191 /* SwifterSwiftUI.framework in Frameworks */,
			);
			runOnlyForDeploymentPostprocessing = 0;
		};
		OBJ_216 /* Frameworks */ = {
			isa = PBXFrameworksBuildPhase;
			buildActionMask = 0;
			files = (
			);
			runOnlyForDeploymentPostprocessing = 0;
		};
		OBJ_290 /* Frameworks */ = {
			isa = PBXFrameworksBuildPhase;
			buildActionMask = 0;
			files = (
			);
			runOnlyForDeploymentPostprocessing = 0;
		};
/* End PBXFrameworksBuildPhase section */

/* Begin PBXGroup section */
		9CBD86882493E91900022EDC /* Helpers */ = {
			isa = PBXGroup;
			children = (
				OBJ_30 /* TestsHelper.swift */,
			);
			path = Helpers;
			sourceTree = "<group>";
		};
		9CBD86892493E93C00022EDC /* Effects */ = {
			isa = PBXGroup;
			children = (
				OBJ_15 /* OffsetEffect.swift */,
			);
			path = Effects;
			sourceTree = "<group>";
		};
		9CBD868A2493E95000022EDC /* Effects */ = {
			isa = PBXGroup;
			children = (
				OBJ_23 /* OffsetEffectTests.swift */,
			);
			path = Effects;
			sourceTree = "<group>";
		};
		9CBD868B2493E95D00022EDC /* Components */ = {
			isa = PBXGroup;
			children = (
				OBJ_24 /* StepContainerTests.swift */,
				OBJ_25 /* StepElementTests.swift */,
				OBJ_26 /* StepSeparatorTests.swift */,
			);
			path = Components;
			sourceTree = "<group>";
		};
		OBJ_127 /* Products */ = {
			isa = PBXGroup;
			children = (
				"Steps::Steps::Product" /* Steps.framework */,
				"Steps::StepsTests::Product" /* StepsTests.xctest */,
				"SwifterSwiftUI::SwifterSwiftUI::Product" /* SwifterSwiftUI.framework */,
				"ViewInspector::ViewInspector::Product" /* ViewInspector.framework */,
			);
			name = Products;
			sourceTree = BUILT_PRODUCTS_DIR;
		};
		OBJ_13 /* Helpers */ = {
			isa = PBXGroup;
			children = (
				OBJ_14 /* Helpers.swift */,
			);
			path = Helpers;
			sourceTree = "<group>";
		};
		OBJ_21 /* Tests */ = {
			isa = PBXGroup;
			children = (
				OBJ_22 /* StepsTests */,
			);
			name = Tests;
			sourceTree = SOURCE_ROOT;
		};
		OBJ_22 /* StepsTests */ = {
			isa = PBXGroup;
			children = (
				9CBD86882493E91900022EDC /* Helpers */,
				9CBD868B2493E95D00022EDC /* Components */,
				9CBD868A2493E95000022EDC /* Effects */,
				OBJ_27 /* StepTests.swift */,
				OBJ_28 /* StepsStateTests.swift */,
				OBJ_29 /* StepsTests.swift */,
				OBJ_31 /* XCTestManifests.swift */,
			);
			name = StepsTests;
			path = Tests/StepsTests;
			sourceTree = SOURCE_ROOT;
		};
		OBJ_32 /* Dependencies */ = {
			isa = PBXGroup;
			children = (
				OBJ_33 /* SwifterSwiftUI 0.5.0 */,
				OBJ_59 /* ViewInspector 0.3.12 */,
			);
			name = Dependencies;
			sourceTree = "<group>";
		};
		OBJ_33 /* SwifterSwiftUI 0.5.0 */ = {
			isa = PBXGroup;
			children = (
				OBJ_34 /* SwifterSwiftUI */,
				OBJ_58 /* Package.swift */,
			);
			name = "SwifterSwiftUI 0.5.0";
			sourceTree = SOURCE_ROOT;
		};
		OBJ_34 /* SwifterSwiftUI */ = {
			isa = PBXGroup;
			children = (
				OBJ_35 /* Combine */,
				OBJ_40 /* Foundation */,
				OBJ_48 /* SwiftUI */,
			);
			name = SwifterSwiftUI;
			path = .build/checkouts/SwifterSwiftUI/Sources/SwifterSwiftUI;
			sourceTree = SOURCE_ROOT;
		};
		OBJ_35 /* Combine */ = {
			isa = PBXGroup;
			children = (
				OBJ_36 /* PropertyWrapper */,
				OBJ_38 /* Publisher+Extensions.swift */,
				OBJ_39 /* Subscribers+Extensions.swift */,
			);
			path = Combine;
			sourceTree = "<group>";
		};
		OBJ_36 /* PropertyWrapper */ = {
			isa = PBXGroup;
			children = (
				OBJ_37 /* PublishedOnMain.swift */,
			);
			path = PropertyWrapper;
			sourceTree = "<group>";
		};
		OBJ_40 /* Foundation */ = {
			isa = PBXGroup;
			children = (
				OBJ_41 /* Mutable.swift */,
				OBJ_42 /* Optional+Extensions.swift */,
				OBJ_43 /* PropertyWrapper */,
				OBJ_47 /* Result+Extensions.swift */,
			);
			path = Foundation;
			sourceTree = "<group>";
		};
		OBJ_43 /* PropertyWrapper */ = {
			isa = PBXGroup;
			children = (
				OBJ_44 /* UserDefault.swift */,
				OBJ_45 /* UserDefaultCodable.swift */,
				OBJ_46 /* UserDefaultEnum.swift */,
			);
			path = PropertyWrapper;
			sourceTree = "<group>";
		};
		OBJ_48 /* SwiftUI */ = {
			isa = PBXGroup;
			children = (
				OBJ_49 /* Color+Extensions.swift */,
				OBJ_50 /* Image+Extensions.swift */,
				OBJ_51 /* LinearGradient+Extensions.swift */,
				OBJ_52 /* Modifiers */,
				OBJ_54 /* Utils */,
				OBJ_56 /* View+Extensions.swift */,
				OBJ_57 /* View+Modifiers.swift */,
			);
			path = SwiftUI;
			sourceTree = "<group>";
		};
		OBJ_5 /*  */ = {
			isa = PBXGroup;
			children = (
				OBJ_6 /* Package.swift */,
				OBJ_7 /* Sources */,
				OBJ_21 /* Tests */,
				OBJ_32 /* Dependencies */,
				OBJ_127 /* Products */,
				OBJ_132 /* Example */,
				OBJ_133 /* Steps.xcworkspace */,
				OBJ_134 /* fastlane */,
				OBJ_135 /* Assets */,
				OBJ_136 /* LICENSE */,
				OBJ_137 /* CHANGELOG.md */,
				OBJ_138 /* CHANGELOG_GUIDELINES.md */,
				OBJ_139 /* README.md */,
				OBJ_140 /* Steps.podspec */,
				OBJ_141 /* CONTRIBUTING.md */,
				OBJ_142 /* Gemfile */,
				OBJ_143 /* Gemfile.lock */,
			);
			name = "";
			sourceTree = "<group>";
		};
		OBJ_52 /* Modifiers */ = {
			isa = PBXGroup;
			children = (
				OBJ_53 /* SizeViewModifier.swift */,
			);
			path = Modifiers;
			sourceTree = "<group>";
		};
		OBJ_54 /* Utils */ = {
			isa = PBXGroup;
			children = (
				OBJ_55 /* IfLet.swift */,
			);
			path = Utils;
			sourceTree = "<group>";
		};
		OBJ_59 /* ViewInspector 0.3.12 */ = {
			isa = PBXGroup;
			children = (
				OBJ_60 /* ViewInspector */,
				OBJ_126 /* Package.swift */,
			);
			name = "ViewInspector 0.3.12";
			sourceTree = SOURCE_ROOT;
		};
		OBJ_60 /* ViewInspector */ = {
			isa = PBXGroup;
			children = (
				OBJ_61 /* BaseTypes.swift */,
				OBJ_62 /* InspectableView.swift */,
				OBJ_63 /* InspectionEmissary.swift */,
				OBJ_64 /* Inspector.swift */,
				OBJ_65 /* Modifiers */,
				OBJ_75 /* SwiftUI */,
				OBJ_125 /* ViewHosting.swift */,
			);
			name = ViewInspector;
			path = .build/checkouts/ViewInspector/Sources/ViewInspector;
			sourceTree = SOURCE_ROOT;
		};
		OBJ_65 /* Modifiers */ = {
			isa = PBXGroup;
			children = (
				OBJ_66 /* AccessibilityModifiers.swift */,
				OBJ_67 /* AnimationModifiers.swift */,
				OBJ_68 /* EventsModifiers.swift */,
				OBJ_69 /* GestureModifiers.swift */,
				OBJ_70 /* InteractionModifiers.swift */,
				OBJ_71 /* PositioningModifiers.swift */,
				OBJ_72 /* PreviewModifiers.swift */,
				OBJ_73 /* SizingModifiers.swift */,
				OBJ_74 /* VisualEffectModifiers.swift */,
			);
			path = Modifiers;
			sourceTree = "<group>";
		};
		OBJ_7 /* Sources */ = {
			isa = PBXGroup;
			children = (
				OBJ_8 /* Steps */,
			);
			name = Sources;
			sourceTree = SOURCE_ROOT;
		};
		OBJ_75 /* SwiftUI */ = {
			isa = PBXGroup;
			children = (
				OBJ_76 /* AngularGradient.swift */,
				OBJ_77 /* AnyView.swift */,
				OBJ_78 /* Button.swift */,
				OBJ_79 /* ClassifiedView.swift */,
				OBJ_80 /* ConditionalContent.swift */,
				OBJ_81 /* CustomView.swift */,
				OBJ_82 /* DatePicker.swift */,
				OBJ_83 /* DelayedPreferenceView.swift */,
				OBJ_84 /* Divider.swift */,
				OBJ_85 /* EditButton.swift */,
				OBJ_86 /* EmptyView.swift */,
				OBJ_87 /* EnvironmentReaderView.swift */,
				OBJ_88 /* EquatableView.swift */,
				OBJ_89 /* ForEach.swift */,
				OBJ_90 /* Form.swift */,
				OBJ_91 /* GeometryReader.swift */,
				OBJ_92 /* Group.swift */,
				OBJ_93 /* GroupBox.swift */,
				OBJ_94 /* HSplitView.swift */,
				OBJ_95 /* HStack.swift */,
				OBJ_96 /* IDView.swift */,
				OBJ_97 /* Image.swift */,
				OBJ_98 /* LinearGradient.swift */,
				OBJ_99 /* List.swift */,
				OBJ_100 /* MenuButton.swift */,
				OBJ_101 /* ModifiedContent.swift */,
				OBJ_102 /* NavigationLink.swift */,
				OBJ_103 /* NavigationView.swift */,
				OBJ_104 /* OptionalContent.swift */,
				OBJ_105 /* PasteButton.swift */,
				OBJ_106 /* Picker.swift */,
				OBJ_107 /* RadialGradient.swift */,
				OBJ_108 /* ScrollView.swift */,
				OBJ_109 /* Section.swift */,
				OBJ_110 /* SecureField.swift */,
				OBJ_111 /* Shape.swift */,
				OBJ_112 /* Slider.swift */,
				OBJ_113 /* Spacer.swift */,
				OBJ_114 /* Stepper.swift */,
				OBJ_115 /* SubscriptionView.swift */,
				OBJ_116 /* TabView.swift */,
				OBJ_117 /* Text.swift */,
				OBJ_118 /* TextField.swift */,
				OBJ_119 /* Toggle.swift */,
				OBJ_120 /* TouchBar.swift */,
				OBJ_121 /* TreeView.swift */,
				OBJ_122 /* VSplitView.swift */,
				OBJ_123 /* VStack.swift */,
				OBJ_124 /* ZStack.swift */,
			);
			path = SwiftUI;
			sourceTree = "<group>";
		};
		OBJ_8 /* Steps */ = {
			isa = PBXGroup;
			children = (
				OBJ_13 /* Helpers */,
				OBJ_9 /* Components */,
				9CBD86892493E93C00022EDC /* Effects */,
				OBJ_16 /* Step.swift */,
				OBJ_17 /* StepState.swift */,
				OBJ_18 /* Steps.swift */,
				OBJ_19 /* Config.swift */,
				OBJ_20 /* StepsState.swift */,
			);
			name = Steps;
			path = Sources/Steps;
			sourceTree = SOURCE_ROOT;
		};
		OBJ_9 /* Components */ = {
			isa = PBXGroup;
			children = (
				OBJ_10 /* Container.swift */,
				OBJ_11 /* Item.swift */,
				OBJ_12 /* Separator.swift */,
			);
			path = Components;
			sourceTree = "<group>";
		};
/* End PBXGroup section */

/* Begin PBXNativeTarget section */
		"Steps::Steps" /* Steps */ = {
			isa = PBXNativeTarget;
			buildConfigurationList = OBJ_145 /* Build configuration list for PBXNativeTarget "Steps" */;
			buildPhases = (
				OBJ_148 /* Sources */,
				OBJ_159 /* Frameworks */,
			);
			buildRules = (
			);
			dependencies = (
				OBJ_161 /* PBXTargetDependency */,
			);
			name = Steps;
			productName = Steps;
			productReference = "Steps::Steps::Product" /* Steps.framework */;
			productType = "com.apple.product-type.framework";
		};
		"Steps::StepsTests" /* StepsTests */ = {
			isa = PBXNativeTarget;
			buildConfigurationList = OBJ_175 /* Build configuration list for PBXNativeTarget "StepsTests" */;
			buildPhases = (
				OBJ_178 /* Sources */,
				OBJ_188 /* Frameworks */,
			);
			buildRules = (
			);
			dependencies = (
				OBJ_192 /* PBXTargetDependency */,
				OBJ_194 /* PBXTargetDependency */,
				OBJ_195 /* PBXTargetDependency */,
			);
			name = StepsTests;
			productName = StepsTests;
			productReference = "Steps::StepsTests::Product" /* StepsTests.xctest */;
			productType = "com.apple.product-type.bundle.unit-test";
		};
		"Steps::SwiftPMPackageDescription" /* StepsPackageDescription */ = {
			isa = PBXNativeTarget;
			buildConfigurationList = OBJ_164 /* Build configuration list for PBXNativeTarget "StepsPackageDescription" */;
			buildPhases = (
				OBJ_167 /* Sources */,
			);
			buildRules = (
			);
			dependencies = (
			);
			name = StepsPackageDescription;
			productName = StepsPackageDescription;
			productType = "com.apple.product-type.framework";
		};
		"SwifterSwiftUI::SwiftPMPackageDescription" /* SwifterSwiftUIPackageDescription */ = {
			isa = PBXNativeTarget;
			buildConfigurationList = OBJ_218 /* Build configuration list for PBXNativeTarget "SwifterSwiftUIPackageDescription" */;
			buildPhases = (
				OBJ_221 /* Sources */,
			);
			buildRules = (
			);
			dependencies = (
			);
			name = SwifterSwiftUIPackageDescription;
			productName = SwifterSwiftUIPackageDescription;
			productType = "com.apple.product-type.framework";
		};
		"SwifterSwiftUI::SwifterSwiftUI" /* SwifterSwiftUI */ = {
			isa = PBXNativeTarget;
			buildConfigurationList = OBJ_196 /* Build configuration list for PBXNativeTarget "SwifterSwiftUI" */;
			buildPhases = (
				OBJ_199 /* Sources */,
				OBJ_216 /* Frameworks */,
			);
			buildRules = (
			);
			dependencies = (
			);
			name = SwifterSwiftUI;
			productName = SwifterSwiftUI;
			productReference = "SwifterSwiftUI::SwifterSwiftUI::Product" /* SwifterSwiftUI.framework */;
			productType = "com.apple.product-type.framework";
		};
		"ViewInspector::SwiftPMPackageDescription" /* ViewInspectorPackageDescription */ = {
			isa = PBXNativeTarget;
			buildConfigurationList = OBJ_292 /* Build configuration list for PBXNativeTarget "ViewInspectorPackageDescription" */;
			buildPhases = (
				OBJ_295 /* Sources */,
			);
			buildRules = (
			);
			dependencies = (
			);
			name = ViewInspectorPackageDescription;
			productName = ViewInspectorPackageDescription;
			productType = "com.apple.product-type.framework";
		};
		"ViewInspector::ViewInspector" /* ViewInspector */ = {
			isa = PBXNativeTarget;
			buildConfigurationList = OBJ_223 /* Build configuration list for PBXNativeTarget "ViewInspector" */;
			buildPhases = (
				OBJ_226 /* Sources */,
				OBJ_290 /* Frameworks */,
			);
			buildRules = (
			);
			dependencies = (
			);
			name = ViewInspector;
			productName = ViewInspector;
			productReference = "ViewInspector::ViewInspector::Product" /* ViewInspector.framework */;
			productType = "com.apple.product-type.framework";
		};
/* End PBXNativeTarget section */

/* Begin PBXProject section */
		OBJ_1 /* Project object */ = {
			isa = PBXProject;
			attributes = {
				LastSwiftMigration = 9999;
				LastUpgradeCheck = 9999;
			};
			buildConfigurationList = OBJ_2 /* Build configuration list for PBXProject "Steps" */;
			compatibilityVersion = "Xcode 3.2";
			developmentRegion = en;
			hasScannedForEncodings = 0;
			knownRegions = (
				en,
			);
			mainGroup = OBJ_5 /*  */;
			productRefGroup = OBJ_127 /* Products */;
			projectDirPath = "";
			projectRoot = "";
			targets = (
				"Steps::Steps" /* Steps */,
				"Steps::SwiftPMPackageDescription" /* StepsPackageDescription */,
				"Steps::StepsPackageTests::ProductTarget" /* StepsPackageTests */,
				"Steps::StepsTests" /* StepsTests */,
				"SwifterSwiftUI::SwifterSwiftUI" /* SwifterSwiftUI */,
				"SwifterSwiftUI::SwiftPMPackageDescription" /* SwifterSwiftUIPackageDescription */,
				"ViewInspector::ViewInspector" /* ViewInspector */,
				"ViewInspector::SwiftPMPackageDescription" /* ViewInspectorPackageDescription */,
			);
		};
/* End PBXProject section */

/* Begin PBXSourcesBuildPhase section */
		OBJ_148 /* Sources */ = {
			isa = PBXSourcesBuildPhase;
			buildActionMask = 0;
			files = (
				OBJ_149 /* Container.swift in Sources */,
				OBJ_150 /* Item.swift in Sources */,
				OBJ_151 /* Separator.swift in Sources */,
				OBJ_152 /* Helpers.swift in Sources */,
				OBJ_153 /* OffsetEffect.swift in Sources */,
				OBJ_154 /* Step.swift in Sources */,
				OBJ_155 /* StepState.swift in Sources */,
				OBJ_156 /* Steps.swift in Sources */,
				OBJ_157 /* Config.swift in Sources */,
				OBJ_158 /* StepsState.swift in Sources */,
			);
			runOnlyForDeploymentPostprocessing = 0;
		};
		OBJ_167 /* Sources */ = {
			isa = PBXSourcesBuildPhase;
			buildActionMask = 0;
			files = (
				OBJ_168 /* Package.swift in Sources */,
			);
			runOnlyForDeploymentPostprocessing = 0;
		};
		OBJ_178 /* Sources */ = {
			isa = PBXSourcesBuildPhase;
			buildActionMask = 0;
			files = (
				OBJ_179 /* OffsetEffectTests.swift in Sources */,
				OBJ_180 /* StepContainerTests.swift in Sources */,
				OBJ_181 /* StepElementTests.swift in Sources */,
				OBJ_182 /* StepSeparatorTests.swift in Sources */,
				OBJ_183 /* StepTests.swift in Sources */,
				OBJ_184 /* StepsStateTests.swift in Sources */,
				OBJ_185 /* StepsTests.swift in Sources */,
				OBJ_186 /* TestsHelper.swift in Sources */,
				OBJ_187 /* XCTestManifests.swift in Sources */,
			);
			runOnlyForDeploymentPostprocessing = 0;
		};
		OBJ_199 /* Sources */ = {
			isa = PBXSourcesBuildPhase;
			buildActionMask = 0;
			files = (
				OBJ_200 /* PublishedOnMain.swift in Sources */,
				OBJ_201 /* Publisher+Extensions.swift in Sources */,
				OBJ_202 /* Subscribers+Extensions.swift in Sources */,
				OBJ_203 /* Mutable.swift in Sources */,
				OBJ_204 /* Optional+Extensions.swift in Sources */,
				OBJ_205 /* UserDefault.swift in Sources */,
				OBJ_206 /* UserDefaultCodable.swift in Sources */,
				OBJ_207 /* UserDefaultEnum.swift in Sources */,
				OBJ_208 /* Result+Extensions.swift in Sources */,
				OBJ_209 /* Color+Extensions.swift in Sources */,
				OBJ_210 /* Image+Extensions.swift in Sources */,
				OBJ_211 /* LinearGradient+Extensions.swift in Sources */,
				OBJ_212 /* SizeViewModifier.swift in Sources */,
				OBJ_213 /* IfLet.swift in Sources */,
				OBJ_214 /* View+Extensions.swift in Sources */,
				OBJ_215 /* View+Modifiers.swift in Sources */,
			);
			runOnlyForDeploymentPostprocessing = 0;
		};
		OBJ_221 /* Sources */ = {
			isa = PBXSourcesBuildPhase;
			buildActionMask = 0;
			files = (
				OBJ_222 /* Package.swift in Sources */,
			);
			runOnlyForDeploymentPostprocessing = 0;
		};
		OBJ_226 /* Sources */ = {
			isa = PBXSourcesBuildPhase;
			buildActionMask = 0;
			files = (
				OBJ_227 /* BaseTypes.swift in Sources */,
				OBJ_228 /* InspectableView.swift in Sources */,
				OBJ_229 /* InspectionEmissary.swift in Sources */,
				OBJ_230 /* Inspector.swift in Sources */,
				OBJ_231 /* AccessibilityModifiers.swift in Sources */,
				OBJ_232 /* AnimationModifiers.swift in Sources */,
				OBJ_233 /* EventsModifiers.swift in Sources */,
				OBJ_234 /* GestureModifiers.swift in Sources */,
				OBJ_235 /* InteractionModifiers.swift in Sources */,
				OBJ_236 /* PositioningModifiers.swift in Sources */,
				OBJ_237 /* PreviewModifiers.swift in Sources */,
				OBJ_238 /* SizingModifiers.swift in Sources */,
				OBJ_239 /* VisualEffectModifiers.swift in Sources */,
				OBJ_240 /* AngularGradient.swift in Sources */,
				OBJ_241 /* AnyView.swift in Sources */,
				OBJ_242 /* Button.swift in Sources */,
				OBJ_243 /* ClassifiedView.swift in Sources */,
				OBJ_244 /* ConditionalContent.swift in Sources */,
				OBJ_245 /* CustomView.swift in Sources */,
				OBJ_246 /* DatePicker.swift in Sources */,
				OBJ_247 /* DelayedPreferenceView.swift in Sources */,
				OBJ_248 /* Divider.swift in Sources */,
				OBJ_249 /* EditButton.swift in Sources */,
				OBJ_250 /* EmptyView.swift in Sources */,
				OBJ_251 /* EnvironmentReaderView.swift in Sources */,
				OBJ_252 /* EquatableView.swift in Sources */,
				OBJ_253 /* ForEach.swift in Sources */,
				OBJ_254 /* Form.swift in Sources */,
				OBJ_255 /* GeometryReader.swift in Sources */,
				OBJ_256 /* Group.swift in Sources */,
				OBJ_257 /* GroupBox.swift in Sources */,
				OBJ_258 /* HSplitView.swift in Sources */,
				OBJ_259 /* HStack.swift in Sources */,
				OBJ_260 /* IDView.swift in Sources */,
				OBJ_261 /* Image.swift in Sources */,
				OBJ_262 /* LinearGradient.swift in Sources */,
				OBJ_263 /* List.swift in Sources */,
				OBJ_264 /* MenuButton.swift in Sources */,
				OBJ_265 /* ModifiedContent.swift in Sources */,
				OBJ_266 /* NavigationLink.swift in Sources */,
				OBJ_267 /* NavigationView.swift in Sources */,
				OBJ_268 /* OptionalContent.swift in Sources */,
				OBJ_269 /* PasteButton.swift in Sources */,
				OBJ_270 /* Picker.swift in Sources */,
				OBJ_271 /* RadialGradient.swift in Sources */,
				OBJ_272 /* ScrollView.swift in Sources */,
				OBJ_273 /* Section.swift in Sources */,
				OBJ_274 /* SecureField.swift in Sources */,
				OBJ_275 /* Shape.swift in Sources */,
				OBJ_276 /* Slider.swift in Sources */,
				OBJ_277 /* Spacer.swift in Sources */,
				OBJ_278 /* Stepper.swift in Sources */,
				OBJ_279 /* SubscriptionView.swift in Sources */,
				OBJ_280 /* TabView.swift in Sources */,
				OBJ_281 /* Text.swift in Sources */,
				OBJ_282 /* TextField.swift in Sources */,
				OBJ_283 /* Toggle.swift in Sources */,
				OBJ_284 /* TouchBar.swift in Sources */,
				OBJ_285 /* TreeView.swift in Sources */,
				OBJ_286 /* VSplitView.swift in Sources */,
				OBJ_287 /* VStack.swift in Sources */,
				OBJ_288 /* ZStack.swift in Sources */,
				OBJ_289 /* ViewHosting.swift in Sources */,
			);
			runOnlyForDeploymentPostprocessing = 0;
		};
		OBJ_295 /* Sources */ = {
			isa = PBXSourcesBuildPhase;
			buildActionMask = 0;
			files = (
				OBJ_296 /* Package.swift in Sources */,
			);
			runOnlyForDeploymentPostprocessing = 0;
		};
/* End PBXSourcesBuildPhase section */

/* Begin PBXTargetDependency section */
		OBJ_161 /* PBXTargetDependency */ = {
			isa = PBXTargetDependency;
			target = "SwifterSwiftUI::SwifterSwiftUI" /* SwifterSwiftUI */;
			targetProxy = 9CBD86832493E4C200022EDC /* PBXContainerItemProxy */;
		};
		OBJ_173 /* PBXTargetDependency */ = {
			isa = PBXTargetDependency;
			target = "Steps::StepsTests" /* StepsTests */;
			targetProxy = 9CBD86872493E4C200022EDC /* PBXContainerItemProxy */;
		};
		OBJ_192 /* PBXTargetDependency */ = {
			isa = PBXTargetDependency;
			target = "ViewInspector::ViewInspector" /* ViewInspector */;
			targetProxy = 9CBD86842493E4C200022EDC /* PBXContainerItemProxy */;
		};
		OBJ_194 /* PBXTargetDependency */ = {
			isa = PBXTargetDependency;
			target = "Steps::Steps" /* Steps */;
			targetProxy = 9CBD86852493E4C200022EDC /* PBXContainerItemProxy */;
		};
		OBJ_195 /* PBXTargetDependency */ = {
			isa = PBXTargetDependency;
			target = "SwifterSwiftUI::SwifterSwiftUI" /* SwifterSwiftUI */;
			targetProxy = 9CBD86862493E4C200022EDC /* PBXContainerItemProxy */;
		};
/* End PBXTargetDependency section */

/* Begin XCBuildConfiguration section */
		OBJ_146 /* Debug */ = {
			isa = XCBuildConfiguration;
			buildSettings = {
				ENABLE_TESTABILITY = YES;
				FRAMEWORK_SEARCH_PATHS = (
					"$(inherited)",
					"$(PLATFORM_DIR)/Developer/Library/Frameworks",
				);
				HEADER_SEARCH_PATHS = "$(inherited)";
				INFOPLIST_FILE = Steps.xcodeproj/Steps_Info.plist;
				IPHONEOS_DEPLOYMENT_TARGET = 13.0;
				LD_RUNPATH_SEARCH_PATHS = "$(inherited) $(TOOLCHAIN_DIR)/usr/lib/swift/macosx";
				MACOSX_DEPLOYMENT_TARGET = 10.15;
				OTHER_CFLAGS = "$(inherited)";
				OTHER_LDFLAGS = "$(inherited)";
				OTHER_SWIFT_FLAGS = "$(inherited)";
				PRODUCT_BUNDLE_IDENTIFIER = Steps;
				PRODUCT_MODULE_NAME = "$(TARGET_NAME:c99extidentifier)";
				PRODUCT_NAME = "$(TARGET_NAME:c99extidentifier)";
				SKIP_INSTALL = YES;
				SWIFT_ACTIVE_COMPILATION_CONDITIONS = "$(inherited)";
				SWIFT_VERSION = 5.0;
				TARGET_NAME = Steps;
				TVOS_DEPLOYMENT_TARGET = 13.0;
				WATCHOS_DEPLOYMENT_TARGET = 2.0;
			};
			name = Debug;
		};
		OBJ_147 /* Release */ = {
			isa = XCBuildConfiguration;
			buildSettings = {
				ENABLE_TESTABILITY = YES;
				FRAMEWORK_SEARCH_PATHS = (
					"$(inherited)",
					"$(PLATFORM_DIR)/Developer/Library/Frameworks",
				);
				HEADER_SEARCH_PATHS = "$(inherited)";
				INFOPLIST_FILE = Steps.xcodeproj/Steps_Info.plist;
				IPHONEOS_DEPLOYMENT_TARGET = 13.0;
				LD_RUNPATH_SEARCH_PATHS = "$(inherited) $(TOOLCHAIN_DIR)/usr/lib/swift/macosx";
				MACOSX_DEPLOYMENT_TARGET = 10.15;
				OTHER_CFLAGS = "$(inherited)";
				OTHER_LDFLAGS = "$(inherited)";
				OTHER_SWIFT_FLAGS = "$(inherited)";
				PRODUCT_BUNDLE_IDENTIFIER = Steps;
				PRODUCT_MODULE_NAME = "$(TARGET_NAME:c99extidentifier)";
				PRODUCT_NAME = "$(TARGET_NAME:c99extidentifier)";
				SKIP_INSTALL = YES;
				SWIFT_ACTIVE_COMPILATION_CONDITIONS = "$(inherited)";
				SWIFT_VERSION = 5.0;
				TARGET_NAME = Steps;
				TVOS_DEPLOYMENT_TARGET = 13.0;
				WATCHOS_DEPLOYMENT_TARGET = 2.0;
			};
			name = Release;
		};
		OBJ_165 /* Debug */ = {
			isa = XCBuildConfiguration;
			buildSettings = {
				LD = /usr/bin/true;
				OTHER_SWIFT_FLAGS = "-swift-version 5 -I $(TOOLCHAIN_DIR)/usr/lib/swift/pm/4_2 -target x86_64-apple-macosx10.10 -sdk /Applications/Xcode.app/Contents/Developer/Platforms/MacOSX.platform/Developer/SDKs/MacOSX10.15.sdk -package-description-version 5.1.0";
				SWIFT_VERSION = 5.0;
			};
			name = Debug;
		};
		OBJ_166 /* Release */ = {
			isa = XCBuildConfiguration;
			buildSettings = {
				LD = /usr/bin/true;
				OTHER_SWIFT_FLAGS = "-swift-version 5 -I $(TOOLCHAIN_DIR)/usr/lib/swift/pm/4_2 -target x86_64-apple-macosx10.10 -sdk /Applications/Xcode.app/Contents/Developer/Platforms/MacOSX.platform/Developer/SDKs/MacOSX10.15.sdk -package-description-version 5.1.0";
				SWIFT_VERSION = 5.0;
			};
			name = Release;
		};
		OBJ_171 /* Debug */ = {
			isa = XCBuildConfiguration;
			buildSettings = {
			};
			name = Debug;
		};
		OBJ_172 /* Release */ = {
			isa = XCBuildConfiguration;
			buildSettings = {
			};
			name = Release;
		};
		OBJ_176 /* Debug */ = {
			isa = XCBuildConfiguration;
			buildSettings = {
				CLANG_ENABLE_MODULES = YES;
				EMBEDDED_CONTENT_CONTAINS_SWIFT = YES;
				FRAMEWORK_SEARCH_PATHS = (
					"$(inherited)",
					"$(PLATFORM_DIR)/Developer/Library/Frameworks",
				);
				HEADER_SEARCH_PATHS = "$(inherited)";
				INFOPLIST_FILE = Steps.xcodeproj/StepsTests_Info.plist;
				IPHONEOS_DEPLOYMENT_TARGET = 13.0;
				LD_RUNPATH_SEARCH_PATHS = "$(inherited) @loader_path/../Frameworks @loader_path/Frameworks";
				MACOSX_DEPLOYMENT_TARGET = 10.15;
				OTHER_CFLAGS = "$(inherited)";
				OTHER_LDFLAGS = "$(inherited)";
				OTHER_SWIFT_FLAGS = "$(inherited)";
				SWIFT_ACTIVE_COMPILATION_CONDITIONS = "$(inherited)";
				SWIFT_VERSION = 5.0;
				TARGET_NAME = StepsTests;
				TVOS_DEPLOYMENT_TARGET = 13.0;
				WATCHOS_DEPLOYMENT_TARGET = 2.0;
			};
			name = Debug;
		};
		OBJ_177 /* Release */ = {
			isa = XCBuildConfiguration;
			buildSettings = {
				CLANG_ENABLE_MODULES = YES;
				EMBEDDED_CONTENT_CONTAINS_SWIFT = YES;
				FRAMEWORK_SEARCH_PATHS = (
					"$(inherited)",
					"$(PLATFORM_DIR)/Developer/Library/Frameworks",
				);
				HEADER_SEARCH_PATHS = "$(inherited)";
				INFOPLIST_FILE = Steps.xcodeproj/StepsTests_Info.plist;
				IPHONEOS_DEPLOYMENT_TARGET = 13.0;
				LD_RUNPATH_SEARCH_PATHS = "$(inherited) @loader_path/../Frameworks @loader_path/Frameworks";
				MACOSX_DEPLOYMENT_TARGET = 10.15;
				OTHER_CFLAGS = "$(inherited)";
				OTHER_LDFLAGS = "$(inherited)";
				OTHER_SWIFT_FLAGS = "$(inherited)";
				SWIFT_ACTIVE_COMPILATION_CONDITIONS = "$(inherited)";
				SWIFT_VERSION = 5.0;
				TARGET_NAME = StepsTests;
				TVOS_DEPLOYMENT_TARGET = 13.0;
				WATCHOS_DEPLOYMENT_TARGET = 2.0;
			};
			name = Release;
		};
		OBJ_197 /* Debug */ = {
			isa = XCBuildConfiguration;
			buildSettings = {
				ENABLE_TESTABILITY = YES;
				FRAMEWORK_SEARCH_PATHS = (
					"$(inherited)",
					"$(PLATFORM_DIR)/Developer/Library/Frameworks",
				);
				HEADER_SEARCH_PATHS = "$(inherited)";
				INFOPLIST_FILE = Steps.xcodeproj/SwifterSwiftUI_Info.plist;
				IPHONEOS_DEPLOYMENT_TARGET = 13.0;
				LD_RUNPATH_SEARCH_PATHS = "$(inherited) $(TOOLCHAIN_DIR)/usr/lib/swift/macosx";
				MACOSX_DEPLOYMENT_TARGET = 10.15;
				OTHER_CFLAGS = "$(inherited)";
				OTHER_LDFLAGS = "$(inherited)";
				OTHER_SWIFT_FLAGS = "$(inherited)";
				PRODUCT_BUNDLE_IDENTIFIER = SwifterSwiftUI;
				PRODUCT_MODULE_NAME = "$(TARGET_NAME:c99extidentifier)";
				PRODUCT_NAME = "$(TARGET_NAME:c99extidentifier)";
				SKIP_INSTALL = YES;
				SWIFT_ACTIVE_COMPILATION_CONDITIONS = "$(inherited)";
				SWIFT_VERSION = 5.0;
				TARGET_NAME = SwifterSwiftUI;
				TVOS_DEPLOYMENT_TARGET = 13.0;
				WATCHOS_DEPLOYMENT_TARGET = 6.0;
			};
			name = Debug;
		};
		OBJ_198 /* Release */ = {
			isa = XCBuildConfiguration;
			buildSettings = {
				ENABLE_TESTABILITY = YES;
				FRAMEWORK_SEARCH_PATHS = (
					"$(inherited)",
					"$(PLATFORM_DIR)/Developer/Library/Frameworks",
				);
				HEADER_SEARCH_PATHS = "$(inherited)";
				INFOPLIST_FILE = Steps.xcodeproj/SwifterSwiftUI_Info.plist;
				IPHONEOS_DEPLOYMENT_TARGET = 13.0;
				LD_RUNPATH_SEARCH_PATHS = "$(inherited) $(TOOLCHAIN_DIR)/usr/lib/swift/macosx";
				MACOSX_DEPLOYMENT_TARGET = 10.15;
				OTHER_CFLAGS = "$(inherited)";
				OTHER_LDFLAGS = "$(inherited)";
				OTHER_SWIFT_FLAGS = "$(inherited)";
				PRODUCT_BUNDLE_IDENTIFIER = SwifterSwiftUI;
				PRODUCT_MODULE_NAME = "$(TARGET_NAME:c99extidentifier)";
				PRODUCT_NAME = "$(TARGET_NAME:c99extidentifier)";
				SKIP_INSTALL = YES;
				SWIFT_ACTIVE_COMPILATION_CONDITIONS = "$(inherited)";
				SWIFT_VERSION = 5.0;
				TARGET_NAME = SwifterSwiftUI;
				TVOS_DEPLOYMENT_TARGET = 13.0;
				WATCHOS_DEPLOYMENT_TARGET = 6.0;
			};
			name = Release;
		};
		OBJ_219 /* Debug */ = {
			isa = XCBuildConfiguration;
			buildSettings = {
				LD = /usr/bin/true;
				OTHER_SWIFT_FLAGS = "-swift-version 5 -I $(TOOLCHAIN_DIR)/usr/lib/swift/pm/4_2 -target x86_64-apple-macosx10.10 -sdk /Applications/Xcode.app/Contents/Developer/Platforms/MacOSX.platform/Developer/SDKs/MacOSX10.15.sdk -package-description-version 5.1.0";
				SWIFT_VERSION = 5.0;
			};
			name = Debug;
		};
		OBJ_220 /* Release */ = {
			isa = XCBuildConfiguration;
			buildSettings = {
				LD = /usr/bin/true;
				OTHER_SWIFT_FLAGS = "-swift-version 5 -I $(TOOLCHAIN_DIR)/usr/lib/swift/pm/4_2 -target x86_64-apple-macosx10.10 -sdk /Applications/Xcode.app/Contents/Developer/Platforms/MacOSX.platform/Developer/SDKs/MacOSX10.15.sdk -package-description-version 5.1.0";
				SWIFT_VERSION = 5.0;
			};
			name = Release;
		};
		OBJ_224 /* Debug */ = {
			isa = XCBuildConfiguration;
			buildSettings = {
				ENABLE_TESTABILITY = YES;
				FRAMEWORK_SEARCH_PATHS = (
					"$(inherited)",
					"$(PLATFORM_DIR)/Developer/Library/Frameworks",
				);
				HEADER_SEARCH_PATHS = "$(inherited)";
				INFOPLIST_FILE = Steps.xcodeproj/ViewInspector_Info.plist;
				IPHONEOS_DEPLOYMENT_TARGET = 13.0;
				LD_RUNPATH_SEARCH_PATHS = "$(inherited) $(TOOLCHAIN_DIR)/usr/lib/swift/macosx";
				MACOSX_DEPLOYMENT_TARGET = 10.15;
				OTHER_CFLAGS = "$(inherited)";
				OTHER_LDFLAGS = "$(inherited)";
				OTHER_SWIFT_FLAGS = "$(inherited)";
				PRODUCT_BUNDLE_IDENTIFIER = ViewInspector;
				PRODUCT_MODULE_NAME = "$(TARGET_NAME:c99extidentifier)";
				PRODUCT_NAME = "$(TARGET_NAME:c99extidentifier)";
				SKIP_INSTALL = YES;
				SWIFT_ACTIVE_COMPILATION_CONDITIONS = "$(inherited)";
				SWIFT_VERSION = 5.0;
				TARGET_NAME = ViewInspector;
				TVOS_DEPLOYMENT_TARGET = 13.0;
				WATCHOS_DEPLOYMENT_TARGET = 2.0;
			};
			name = Debug;
		};
		OBJ_225 /* Release */ = {
			isa = XCBuildConfiguration;
			buildSettings = {
				ENABLE_TESTABILITY = YES;
				FRAMEWORK_SEARCH_PATHS = (
					"$(inherited)",
					"$(PLATFORM_DIR)/Developer/Library/Frameworks",
				);
				HEADER_SEARCH_PATHS = "$(inherited)";
				INFOPLIST_FILE = Steps.xcodeproj/ViewInspector_Info.plist;
				IPHONEOS_DEPLOYMENT_TARGET = 13.0;
				LD_RUNPATH_SEARCH_PATHS = "$(inherited) $(TOOLCHAIN_DIR)/usr/lib/swift/macosx";
				MACOSX_DEPLOYMENT_TARGET = 10.15;
				OTHER_CFLAGS = "$(inherited)";
				OTHER_LDFLAGS = "$(inherited)";
				OTHER_SWIFT_FLAGS = "$(inherited)";
				PRODUCT_BUNDLE_IDENTIFIER = ViewInspector;
				PRODUCT_MODULE_NAME = "$(TARGET_NAME:c99extidentifier)";
				PRODUCT_NAME = "$(TARGET_NAME:c99extidentifier)";
				SKIP_INSTALL = YES;
				SWIFT_ACTIVE_COMPILATION_CONDITIONS = "$(inherited)";
				SWIFT_VERSION = 5.0;
				TARGET_NAME = ViewInspector;
				TVOS_DEPLOYMENT_TARGET = 13.0;
				WATCHOS_DEPLOYMENT_TARGET = 2.0;
			};
			name = Release;
		};
		OBJ_293 /* Debug */ = {
			isa = XCBuildConfiguration;
			buildSettings = {
				LD = /usr/bin/true;
				OTHER_SWIFT_FLAGS = "-swift-version 5 -I $(TOOLCHAIN_DIR)/usr/lib/swift/pm/4_2 -target x86_64-apple-macosx10.10 -sdk /Applications/Xcode.app/Contents/Developer/Platforms/MacOSX.platform/Developer/SDKs/MacOSX10.15.sdk -package-description-version 5.1.0";
				SWIFT_VERSION = 5.0;
			};
			name = Debug;
		};
		OBJ_294 /* Release */ = {
			isa = XCBuildConfiguration;
			buildSettings = {
				LD = /usr/bin/true;
				OTHER_SWIFT_FLAGS = "-swift-version 5 -I $(TOOLCHAIN_DIR)/usr/lib/swift/pm/4_2 -target x86_64-apple-macosx10.10 -sdk /Applications/Xcode.app/Contents/Developer/Platforms/MacOSX.platform/Developer/SDKs/MacOSX10.15.sdk -package-description-version 5.1.0";
				SWIFT_VERSION = 5.0;
			};
			name = Release;
		};
		OBJ_3 /* Debug */ = {
			isa = XCBuildConfiguration;
			buildSettings = {
				CLANG_ENABLE_OBJC_ARC = YES;
				COMBINE_HIDPI_IMAGES = YES;
				COPY_PHASE_STRIP = NO;
				DEBUG_INFORMATION_FORMAT = dwarf;
				DYLIB_INSTALL_NAME_BASE = "@rpath";
				ENABLE_NS_ASSERTIONS = YES;
				GCC_OPTIMIZATION_LEVEL = 0;
				GCC_PREPROCESSOR_DEFINITIONS = (
					"$(inherited)",
					"SWIFT_PACKAGE=1",
					"DEBUG=1",
				);
				MACOSX_DEPLOYMENT_TARGET = 10.10;
				ONLY_ACTIVE_ARCH = YES;
				OTHER_SWIFT_FLAGS = "$(inherited) -DXcode";
				PRODUCT_NAME = "$(TARGET_NAME)";
				SDKROOT = macosx;
				SUPPORTED_PLATFORMS = "macosx iphoneos iphonesimulator appletvos appletvsimulator watchos watchsimulator";
				SWIFT_ACTIVE_COMPILATION_CONDITIONS = "$(inherited) SWIFT_PACKAGE DEBUG";
				SWIFT_OPTIMIZATION_LEVEL = "-Onone";
				USE_HEADERMAP = NO;
			};
			name = Debug;
		};
		OBJ_4 /* Release */ = {
			isa = XCBuildConfiguration;
			buildSettings = {
				CLANG_ENABLE_OBJC_ARC = YES;
				COMBINE_HIDPI_IMAGES = YES;
				COPY_PHASE_STRIP = YES;
				DEBUG_INFORMATION_FORMAT = "dwarf-with-dsym";
				DYLIB_INSTALL_NAME_BASE = "@rpath";
				GCC_OPTIMIZATION_LEVEL = s;
				GCC_PREPROCESSOR_DEFINITIONS = (
					"$(inherited)",
					"SWIFT_PACKAGE=1",
				);
				MACOSX_DEPLOYMENT_TARGET = 10.10;
				OTHER_SWIFT_FLAGS = "$(inherited) -DXcode";
				PRODUCT_NAME = "$(TARGET_NAME)";
				SDKROOT = macosx;
				SUPPORTED_PLATFORMS = "macosx iphoneos iphonesimulator appletvos appletvsimulator watchos watchsimulator";
				SWIFT_ACTIVE_COMPILATION_CONDITIONS = "$(inherited) SWIFT_PACKAGE";
				SWIFT_OPTIMIZATION_LEVEL = "-Owholemodule";
				USE_HEADERMAP = NO;
			};
			name = Release;
		};
/* End XCBuildConfiguration section */

/* Begin XCConfigurationList section */
		OBJ_145 /* Build configuration list for PBXNativeTarget "Steps" */ = {
			isa = XCConfigurationList;
			buildConfigurations = (
				OBJ_146 /* Debug */,
				OBJ_147 /* Release */,
			);
			defaultConfigurationIsVisible = 0;
			defaultConfigurationName = Release;
		};
		OBJ_164 /* Build configuration list for PBXNativeTarget "StepsPackageDescription" */ = {
			isa = XCConfigurationList;
			buildConfigurations = (
				OBJ_165 /* Debug */,
				OBJ_166 /* Release */,
			);
			defaultConfigurationIsVisible = 0;
			defaultConfigurationName = Release;
		};
		OBJ_170 /* Build configuration list for PBXAggregateTarget "StepsPackageTests" */ = {
			isa = XCConfigurationList;
			buildConfigurations = (
				OBJ_171 /* Debug */,
				OBJ_172 /* Release */,
			);
			defaultConfigurationIsVisible = 0;
			defaultConfigurationName = Release;
		};
		OBJ_175 /* Build configuration list for PBXNativeTarget "StepsTests" */ = {
			isa = XCConfigurationList;
			buildConfigurations = (
				OBJ_176 /* Debug */,
				OBJ_177 /* Release */,
			);
			defaultConfigurationIsVisible = 0;
			defaultConfigurationName = Release;
		};
		OBJ_196 /* Build configuration list for PBXNativeTarget "SwifterSwiftUI" */ = {
			isa = XCConfigurationList;
			buildConfigurations = (
				OBJ_197 /* Debug */,
				OBJ_198 /* Release */,
			);
			defaultConfigurationIsVisible = 0;
			defaultConfigurationName = Release;
		};
		OBJ_2 /* Build configuration list for PBXProject "Steps" */ = {
			isa = XCConfigurationList;
			buildConfigurations = (
				OBJ_3 /* Debug */,
				OBJ_4 /* Release */,
			);
			defaultConfigurationIsVisible = 0;
			defaultConfigurationName = Release;
		};
		OBJ_218 /* Build configuration list for PBXNativeTarget "SwifterSwiftUIPackageDescription" */ = {
			isa = XCConfigurationList;
			buildConfigurations = (
				OBJ_219 /* Debug */,
				OBJ_220 /* Release */,
			);
			defaultConfigurationIsVisible = 0;
			defaultConfigurationName = Release;
		};
		OBJ_223 /* Build configuration list for PBXNativeTarget "ViewInspector" */ = {
			isa = XCConfigurationList;
			buildConfigurations = (
				OBJ_224 /* Debug */,
				OBJ_225 /* Release */,
			);
			defaultConfigurationIsVisible = 0;
			defaultConfigurationName = Release;
		};
		OBJ_292 /* Build configuration list for PBXNativeTarget "ViewInspectorPackageDescription" */ = {
			isa = XCConfigurationList;
			buildConfigurations = (
				OBJ_293 /* Debug */,
				OBJ_294 /* Release */,
			);
			defaultConfigurationIsVisible = 0;
			defaultConfigurationName = Release;
		};
/* End XCConfigurationList section */
	};
	rootObject = OBJ_1 /* Project object */;
}
