// !$*UTF8*$!
{
	archiveVersion = 1;
	classes = {
	};
	objectVersion = 46;
	objects = {

/* Begin PBXAggregateTarget section */
		"Steps::StepsPackageTests::ProductTarget" /* StepsPackageTests */ = {
			isa = PBXAggregateTarget;
			buildConfigurationList = OBJ_67 /* Build configuration list for PBXAggregateTarget "StepsPackageTests" */;
			buildPhases = (
			);
			dependencies = (
				OBJ_70 /* PBXTargetDependency */,
			);
			name = StepsPackageTests;
			productName = StepsPackageTests;
		};
/* End PBXAggregateTarget section */

/* Begin PBXBuildFile section */
		OBJ_48 /* OffsetEffect.swift in Sources */ = {isa = PBXBuildFile; fileRef = OBJ_9 /* OffsetEffect.swift */; };
		OBJ_49 /* Step.swift in Sources */ = {isa = PBXBuildFile; fileRef = OBJ_10 /* Step.swift */; };
		OBJ_50 /* StepContainer.swift in Sources */ = {isa = PBXBuildFile; fileRef = OBJ_11 /* StepContainer.swift */; };
		OBJ_51 /* StepElement.swift in Sources */ = {isa = PBXBuildFile; fileRef = OBJ_12 /* StepElement.swift */; };
		OBJ_52 /* StepSeparator.swift in Sources */ = {isa = PBXBuildFile; fileRef = OBJ_13 /* StepSeparator.swift */; };
		OBJ_53 /* Steps.swift in Sources */ = {isa = PBXBuildFile; fileRef = OBJ_14 /* Steps.swift */; };
		OBJ_54 /* StepsConfig.swift in Sources */ = {isa = PBXBuildFile; fileRef = OBJ_15 /* StepsConfig.swift */; };
		OBJ_55 /* StepsState.swift in Sources */ = {isa = PBXBuildFile; fileRef = OBJ_16 /* StepsState.swift */; };
		OBJ_57 /* SwifterSwiftUI.framework in Frameworks */ = {isa = PBXBuildFile; fileRef = "SwifterSwiftUI::SwifterSwiftUI::Product" /* SwifterSwiftUI.framework */; };
		OBJ_65 /* Package.swift in Sources */ = {isa = PBXBuildFile; fileRef = OBJ_6 /* Package.swift */; };
		OBJ_76 /* StepsTests.swift in Sources */ = {isa = PBXBuildFile; fileRef = OBJ_19 /* StepsTests.swift */; };
		OBJ_77 /* XCTestManifests.swift in Sources */ = {isa = PBXBuildFile; fileRef = OBJ_20 /* XCTestManifests.swift */; };
		OBJ_79 /* Steps.framework in Frameworks */ = {isa = PBXBuildFile; fileRef = "Steps::Steps::Product" /* Steps.framework */; };
		OBJ_80 /* SwifterSwiftUI.framework in Frameworks */ = {isa = PBXBuildFile; fileRef = "SwifterSwiftUI::SwifterSwiftUI::Product" /* SwifterSwiftUI.framework */; };
		OBJ_87 /* IfLet.swift in Sources */ = {isa = PBXBuildFile; fileRef = OBJ_25 /* IfLet.swift */; };
		OBJ_88 /* View+Extensions.swift in Sources */ = {isa = PBXBuildFile; fileRef = OBJ_26 /* View+Extensions.swift */; };
		OBJ_95 /* Package.swift in Sources */ = {isa = PBXBuildFile; fileRef = OBJ_27 /* Package.swift */; };
/* End PBXBuildFile section */

/* Begin PBXContainerItemProxy section */
		9C7F443D244CB187005DC0C8 /* PBXContainerItemProxy */ = {
			isa = PBXContainerItemProxy;
			containerPortal = OBJ_1 /* Project object */;
			proxyType = 1;
			remoteGlobalIDString = "SwifterSwiftUI::SwifterSwiftUI";
			remoteInfo = SwifterSwiftUI;
		};
		9C7F443E244CB187005DC0C8 /* PBXContainerItemProxy */ = {
			isa = PBXContainerItemProxy;
			containerPortal = OBJ_1 /* Project object */;
			proxyType = 1;
			remoteGlobalIDString = "Steps::Steps";
			remoteInfo = Steps;
		};
		9C7F443F244CB187005DC0C8 /* PBXContainerItemProxy */ = {
			isa = PBXContainerItemProxy;
			containerPortal = OBJ_1 /* Project object */;
			proxyType = 1;
			remoteGlobalIDString = "SwifterSwiftUI::SwifterSwiftUI";
			remoteInfo = SwifterSwiftUI;
		};
/* End PBXContainerItemProxy section */

/* Begin PBXFileReference section */
		OBJ_10 /* Step.swift */ = {isa = PBXFileReference; lastKnownFileType = sourcecode.swift; path = Step.swift; sourceTree = "<group>"; };
		OBJ_11 /* StepContainer.swift */ = {isa = PBXFileReference; lastKnownFileType = sourcecode.swift; path = StepContainer.swift; sourceTree = "<group>"; };
		OBJ_12 /* StepElement.swift */ = {isa = PBXFileReference; lastKnownFileType = sourcecode.swift; path = StepElement.swift; sourceTree = "<group>"; };
		OBJ_13 /* StepSeparator.swift */ = {isa = PBXFileReference; lastKnownFileType = sourcecode.swift; path = StepSeparator.swift; sourceTree = "<group>"; };
		OBJ_14 /* Steps.swift */ = {isa = PBXFileReference; lastKnownFileType = sourcecode.swift; path = Steps.swift; sourceTree = "<group>"; };
		OBJ_15 /* StepsConfig.swift */ = {isa = PBXFileReference; lastKnownFileType = sourcecode.swift; path = StepsConfig.swift; sourceTree = "<group>"; };
		OBJ_16 /* StepsState.swift */ = {isa = PBXFileReference; lastKnownFileType = sourcecode.swift; path = StepsState.swift; sourceTree = "<group>"; };
		OBJ_19 /* StepsTests.swift */ = {isa = PBXFileReference; lastKnownFileType = sourcecode.swift; path = StepsTests.swift; sourceTree = "<group>"; };
		OBJ_20 /* XCTestManifests.swift */ = {isa = PBXFileReference; lastKnownFileType = sourcecode.swift; path = XCTestManifests.swift; sourceTree = "<group>"; };
		OBJ_25 /* IfLet.swift */ = {isa = PBXFileReference; lastKnownFileType = sourcecode.swift; path = IfLet.swift; sourceTree = "<group>"; };
		OBJ_26 /* View+Extensions.swift */ = {isa = PBXFileReference; lastKnownFileType = sourcecode.swift; path = "View+Extensions.swift"; sourceTree = "<group>"; };
		OBJ_27 /* Package.swift */ = {isa = PBXFileReference; explicitFileType = sourcecode.swift; name = Package.swift; path = /Users/93sauu/repositories/Steps/.build/checkouts/SwifterSwiftUI/Package.swift; sourceTree = "<group>"; };
		OBJ_32 /* Example */ = {isa = PBXFileReference; lastKnownFileType = folder; path = Example; sourceTree = SOURCE_ROOT; };
		OBJ_33 /* fastlane */ = {isa = PBXFileReference; lastKnownFileType = folder; path = fastlane; sourceTree = SOURCE_ROOT; };
		OBJ_34 /* Assets */ = {isa = PBXFileReference; lastKnownFileType = folder; path = Assets; sourceTree = SOURCE_ROOT; };
		OBJ_35 /* LICENSE */ = {isa = PBXFileReference; lastKnownFileType = text; path = LICENSE; sourceTree = "<group>"; };
		OBJ_36 /* CHANGELOG.md */ = {isa = PBXFileReference; lastKnownFileType = net.daringfireball.markdown; path = CHANGELOG.md; sourceTree = "<group>"; };
		OBJ_37 /* CHANGELOG_GUIDELINES.md */ = {isa = PBXFileReference; lastKnownFileType = net.daringfireball.markdown; path = CHANGELOG_GUIDELINES.md; sourceTree = "<group>"; };
		OBJ_38 /* README.md */ = {isa = PBXFileReference; lastKnownFileType = net.daringfireball.markdown; path = README.md; sourceTree = "<group>"; };
		OBJ_39 /* Steps.podspec */ = {isa = PBXFileReference; lastKnownFileType = text; path = Steps.podspec; sourceTree = "<group>"; };
		OBJ_40 /* CONTRIBUTING.md */ = {isa = PBXFileReference; lastKnownFileType = net.daringfireball.markdown; path = CONTRIBUTING.md; sourceTree = "<group>"; };
		OBJ_41 /* Gemfile */ = {isa = PBXFileReference; lastKnownFileType = text; path = Gemfile; sourceTree = "<group>"; };
		OBJ_42 /* Gemfile.lock */ = {isa = PBXFileReference; lastKnownFileType = text; path = Gemfile.lock; sourceTree = "<group>"; };
		OBJ_6 /* Package.swift */ = {isa = PBXFileReference; explicitFileType = sourcecode.swift; path = Package.swift; sourceTree = "<group>"; };
		OBJ_9 /* OffsetEffect.swift */ = {isa = PBXFileReference; lastKnownFileType = sourcecode.swift; path = OffsetEffect.swift; sourceTree = "<group>"; };
		"Steps::Steps::Product" /* Steps.framework */ = {isa = PBXFileReference; lastKnownFileType = wrapper.framework; path = Steps.framework; sourceTree = BUILT_PRODUCTS_DIR; };
		"Steps::StepsTests::Product" /* StepsTests.xctest */ = {isa = PBXFileReference; lastKnownFileType = file; path = StepsTests.xctest; sourceTree = BUILT_PRODUCTS_DIR; };
		"SwifterSwiftUI::SwifterSwiftUI::Product" /* SwifterSwiftUI.framework */ = {isa = PBXFileReference; lastKnownFileType = wrapper.framework; path = SwifterSwiftUI.framework; sourceTree = BUILT_PRODUCTS_DIR; };
/* End PBXFileReference section */

/* Begin PBXFrameworksBuildPhase section */
		OBJ_56 /* Frameworks */ = {
			isa = PBXFrameworksBuildPhase;
			buildActionMask = 0;
			files = (
				OBJ_57 /* SwifterSwiftUI.framework in Frameworks */,
			);
			runOnlyForDeploymentPostprocessing = 0;
		};
		OBJ_78 /* Frameworks */ = {
			isa = PBXFrameworksBuildPhase;
			buildActionMask = 0;
			files = (
				OBJ_79 /* Steps.framework in Frameworks */,
				OBJ_80 /* SwifterSwiftUI.framework in Frameworks */,
			);
			runOnlyForDeploymentPostprocessing = 0;
		};
		OBJ_89 /* Frameworks */ = {
			isa = PBXFrameworksBuildPhase;
			buildActionMask = 0;
			files = (
			);
			runOnlyForDeploymentPostprocessing = 0;
		};
/* End PBXFrameworksBuildPhase section */

/* Begin PBXGroup section */
		OBJ_17 /* Tests */ = {
			isa = PBXGroup;
			children = (
				OBJ_18 /* StepsTests */,
			);
			name = Tests;
			sourceTree = SOURCE_ROOT;
		};
		OBJ_18 /* StepsTests */ = {
			isa = PBXGroup;
			children = (
				OBJ_19 /* StepsTests.swift */,
				OBJ_20 /* XCTestManifests.swift */,
			);
			name = StepsTests;
			path = Tests/StepsTests;
			sourceTree = SOURCE_ROOT;
		};
		OBJ_21 /* Dependencies */ = {
			isa = PBXGroup;
			children = (
				OBJ_22 /* SwifterSwiftUI 0.2.1 */,
			);
			name = Dependencies;
			sourceTree = "<group>";
		};
		OBJ_22 /* SwifterSwiftUI 0.2.1 */ = {
			isa = PBXGroup;
			children = (
				OBJ_23 /* SwifterSwiftUI */,
				OBJ_27 /* Package.swift */,
			);
			name = "SwifterSwiftUI 0.2.1";
			sourceTree = SOURCE_ROOT;
		};
		OBJ_23 /* SwifterSwiftUI */ = {
			isa = PBXGroup;
			children = (
				OBJ_24 /* Utils */,
				OBJ_26 /* View+Extensions.swift */,
			);
			name = SwifterSwiftUI;
			path = .build/checkouts/SwifterSwiftUI/Sources/SwifterSwiftUI;
			sourceTree = SOURCE_ROOT;
		};
		OBJ_24 /* Utils */ = {
			isa = PBXGroup;
			children = (
				OBJ_25 /* IfLet.swift */,
			);
			path = Utils;
			sourceTree = "<group>";
		};
		OBJ_28 /* Products */ = {
			isa = PBXGroup;
			children = (
				"Steps::StepsTests::Product" /* StepsTests.xctest */,
				"Steps::Steps::Product" /* Steps.framework */,
				"SwifterSwiftUI::SwifterSwiftUI::Product" /* SwifterSwiftUI.framework */,
			);
			name = Products;
			sourceTree = BUILT_PRODUCTS_DIR;
		};
		OBJ_5 /*  */ = {
			isa = PBXGroup;
			children = (
				OBJ_6 /* Package.swift */,
				OBJ_7 /* Sources */,
				OBJ_17 /* Tests */,
				OBJ_21 /* Dependencies */,
				OBJ_28 /* Products */,
				OBJ_32 /* Example */,
				OBJ_33 /* fastlane */,
				OBJ_34 /* Assets */,
				OBJ_35 /* LICENSE */,
				OBJ_36 /* CHANGELOG.md */,
				OBJ_37 /* CHANGELOG_GUIDELINES.md */,
				OBJ_38 /* README.md */,
				OBJ_39 /* Steps.podspec */,
				OBJ_40 /* CONTRIBUTING.md */,
				OBJ_41 /* Gemfile */,
				OBJ_42 /* Gemfile.lock */,
			);
			name = "";
			sourceTree = "<group>";
		};
		OBJ_7 /* Sources */ = {
			isa = PBXGroup;
			children = (
				OBJ_8 /* Steps */,
			);
			name = Sources;
			sourceTree = SOURCE_ROOT;
		};
		OBJ_8 /* Steps */ = {
			isa = PBXGroup;
			children = (
				OBJ_9 /* OffsetEffect.swift */,
				OBJ_10 /* Step.swift */,
				OBJ_11 /* StepContainer.swift */,
				OBJ_12 /* StepElement.swift */,
				OBJ_13 /* StepSeparator.swift */,
				OBJ_14 /* Steps.swift */,
				OBJ_15 /* StepsConfig.swift */,
				OBJ_16 /* StepsState.swift */,
			);
			name = Steps;
			path = Sources/Steps;
			sourceTree = SOURCE_ROOT;
		};
/* End PBXGroup section */

/* Begin PBXNativeTarget section */
		"Steps::Steps" /* Steps */ = {
			isa = PBXNativeTarget;
			buildConfigurationList = OBJ_44 /* Build configuration list for PBXNativeTarget "Steps" */;
			buildPhases = (
				OBJ_47 /* Sources */,
				OBJ_56 /* Frameworks */,
				9C7F4440244CB1B4005DC0C8 /* Lint */,
			);
			buildRules = (
			);
			dependencies = (
				OBJ_58 /* PBXTargetDependency */,
			);
			name = Steps;
			productName = Steps;
			productReference = "Steps::Steps::Product" /* Steps.framework */;
			productType = "com.apple.product-type.framework";
		};
		"Steps::StepsTests" /* StepsTests */ = {
			isa = PBXNativeTarget;
			buildConfigurationList = OBJ_72 /* Build configuration list for PBXNativeTarget "StepsTests" */;
			buildPhases = (
				OBJ_75 /* Sources */,
				OBJ_78 /* Frameworks */,
			);
			buildRules = (
			);
			dependencies = (
				OBJ_81 /* PBXTargetDependency */,
				OBJ_82 /* PBXTargetDependency */,
			);
			name = StepsTests;
			productName = StepsTests;
			productReference = "Steps::StepsTests::Product" /* StepsTests.xctest */;
			productType = "com.apple.product-type.bundle.unit-test";
		};
		"Steps::SwiftPMPackageDescription" /* StepsPackageDescription */ = {
			isa = PBXNativeTarget;
			buildConfigurationList = OBJ_61 /* Build configuration list for PBXNativeTarget "StepsPackageDescription" */;
			buildPhases = (
				OBJ_64 /* Sources */,
			);
			buildRules = (
			);
			dependencies = (
			);
			name = StepsPackageDescription;
			productName = StepsPackageDescription;
			productType = "com.apple.product-type.framework";
		};
		"SwifterSwiftUI::SwiftPMPackageDescription" /* SwifterSwiftUIPackageDescription */ = {
			isa = PBXNativeTarget;
			buildConfigurationList = OBJ_91 /* Build configuration list for PBXNativeTarget "SwifterSwiftUIPackageDescription" */;
			buildPhases = (
				OBJ_94 /* Sources */,
			);
			buildRules = (
			);
			dependencies = (
			);
			name = SwifterSwiftUIPackageDescription;
			productName = SwifterSwiftUIPackageDescription;
			productType = "com.apple.product-type.framework";
		};
		"SwifterSwiftUI::SwifterSwiftUI" /* SwifterSwiftUI */ = {
			isa = PBXNativeTarget;
			buildConfigurationList = OBJ_83 /* Build configuration list for PBXNativeTarget "SwifterSwiftUI" */;
			buildPhases = (
				OBJ_86 /* Sources */,
				OBJ_89 /* Frameworks */,
			);
			buildRules = (
			);
			dependencies = (
			);
			name = SwifterSwiftUI;
			productName = SwifterSwiftUI;
			productReference = "SwifterSwiftUI::SwifterSwiftUI::Product" /* SwifterSwiftUI.framework */;
			productType = "com.apple.product-type.framework";
		};
/* End PBXNativeTarget section */

/* Begin PBXProject section */
		OBJ_1 /* Project object */ = {
			isa = PBXProject;
			attributes = {
				LastSwiftMigration = 9999;
				LastUpgradeCheck = 9999;
			};
			buildConfigurationList = OBJ_2 /* Build configuration list for PBXProject "Steps" */;
			compatibilityVersion = "Xcode 3.2";
			developmentRegion = en;
			hasScannedForEncodings = 0;
			knownRegions = (
				en,
			);
			mainGroup = OBJ_5 /*  */;
			productRefGroup = OBJ_28 /* Products */;
			projectDirPath = "";
			projectRoot = "";
			targets = (
				"Steps::Steps" /* Steps */,
				"Steps::SwiftPMPackageDescription" /* StepsPackageDescription */,
				"Steps::StepsPackageTests::ProductTarget" /* StepsPackageTests */,
				"Steps::StepsTests" /* StepsTests */,
				"SwifterSwiftUI::SwifterSwiftUI" /* SwifterSwiftUI */,
				"SwifterSwiftUI::SwiftPMPackageDescription" /* SwifterSwiftUIPackageDescription */,
			);
		};
/* End PBXProject section */

/* Begin PBXShellScriptBuildPhase section */
		9C7F4440244CB1B4005DC0C8 /* Lint */ = {
			isa = PBXShellScriptBuildPhase;
			buildActionMask = 2147483647;
			files = (
			);
			inputFileListPaths = (
			);
			inputPaths = (
			);
			name = Lint;
			outputFileListPaths = (
			);
			outputPaths = (
			);
			runOnlyForDeploymentPostprocessing = 0;
			shellPath = /bin/sh;
			shellScript = "if which mint >/dev/null; then\n  mint run realm/SwiftLint@0.39.0 swiftlint autocorrect --format\nelse\n  echo \"warning: Mint not installed, download from https://github.com/yonaskolb/mint\"\nfi\n";
		};
/* End PBXShellScriptBuildPhase section */

/* Begin PBXSourcesBuildPhase section */
		OBJ_47 /* Sources */ = {
			isa = PBXSourcesBuildPhase;
			buildActionMask = 0;
			files = (
				OBJ_48 /* OffsetEffect.swift in Sources */,
				OBJ_49 /* Step.swift in Sources */,
				OBJ_50 /* StepContainer.swift in Sources */,
				OBJ_51 /* StepElement.swift in Sources */,
				OBJ_52 /* StepSeparator.swift in Sources */,
				OBJ_53 /* Steps.swift in Sources */,
				OBJ_54 /* StepsConfig.swift in Sources */,
				OBJ_55 /* StepsState.swift in Sources */,
			);
			runOnlyForDeploymentPostprocessing = 0;
		};
		OBJ_64 /* Sources */ = {
			isa = PBXSourcesBuildPhase;
			buildActionMask = 0;
			files = (
				OBJ_65 /* Package.swift in Sources */,
			);
			runOnlyForDeploymentPostprocessing = 0;
		};
		OBJ_75 /* Sources */ = {
			isa = PBXSourcesBuildPhase;
			buildActionMask = 0;
			files = (
				OBJ_76 /* StepsTests.swift in Sources */,
				OBJ_77 /* XCTestManifests.swift in Sources */,
			);
			runOnlyForDeploymentPostprocessing = 0;
		};
		OBJ_86 /* Sources */ = {
			isa = PBXSourcesBuildPhase;
			buildActionMask = 0;
			files = (
				OBJ_87 /* IfLet.swift in Sources */,
				OBJ_88 /* View+Extensions.swift in Sources */,
			);
			runOnlyForDeploymentPostprocessing = 0;
		};
		OBJ_94 /* Sources */ = {
			isa = PBXSourcesBuildPhase;
			buildActionMask = 0;
			files = (
				OBJ_95 /* Package.swift in Sources */,
			);
			runOnlyForDeploymentPostprocessing = 0;
		};
/* End PBXSourcesBuildPhase section */

/* Begin PBXTargetDependency section */
		OBJ_58 /* PBXTargetDependency */ = {
			isa = PBXTargetDependency;
			target = "SwifterSwiftUI::SwifterSwiftUI" /* SwifterSwiftUI */;
			targetProxy = 9C7F443D244CB187005DC0C8 /* PBXContainerItemProxy */;
		};
		OBJ_70 /* PBXTargetDependency */ = {
			isa = PBXTargetDependency;
			target = "Steps::StepsTests" /* StepsTests */;
			targetProxy = "Steps::StepsTests" /* StepsTests */;
		};
		OBJ_81 /* PBXTargetDependency */ = {
			isa = PBXTargetDependency;
			target = "Steps::Steps" /* Steps */;
			targetProxy = 9C7F443E244CB187005DC0C8 /* PBXContainerItemProxy */;
		};
		OBJ_82 /* PBXTargetDependency */ = {
			isa = PBXTargetDependency;
			target = "SwifterSwiftUI::SwifterSwiftUI" /* SwifterSwiftUI */;
			targetProxy = 9C7F443F244CB187005DC0C8 /* PBXContainerItemProxy */;
		};
/* End PBXTargetDependency section */

/* Begin XCBuildConfiguration section */
		OBJ_3 /* Debug */ = {
			isa = XCBuildConfiguration;
			buildSettings = {
				CLANG_ENABLE_OBJC_ARC = YES;
				COMBINE_HIDPI_IMAGES = YES;
				COPY_PHASE_STRIP = NO;
				DEBUG_INFORMATION_FORMAT = dwarf;
				DYLIB_INSTALL_NAME_BASE = "@rpath";
				ENABLE_NS_ASSERTIONS = YES;
				GCC_OPTIMIZATION_LEVEL = 0;
				GCC_PREPROCESSOR_DEFINITIONS = (
					"$(inherited)",
					"SWIFT_PACKAGE=1",
					"DEBUG=1",
				);
				MACOSX_DEPLOYMENT_TARGET = 10.10;
				ONLY_ACTIVE_ARCH = YES;
				OTHER_SWIFT_FLAGS = "$(inherited) -DXcode";
				PRODUCT_NAME = "$(TARGET_NAME)";
				SDKROOT = macosx;
				SUPPORTED_PLATFORMS = "macosx iphoneos iphonesimulator appletvos appletvsimulator watchos watchsimulator";
				SWIFT_ACTIVE_COMPILATION_CONDITIONS = "$(inherited) SWIFT_PACKAGE DEBUG";
				SWIFT_OPTIMIZATION_LEVEL = "-Onone";
				USE_HEADERMAP = NO;
			};
			name = Debug;
		};
		OBJ_4 /* Release */ = {
			isa = XCBuildConfiguration;
			buildSettings = {
				CLANG_ENABLE_OBJC_ARC = YES;
				COMBINE_HIDPI_IMAGES = YES;
				COPY_PHASE_STRIP = YES;
				DEBUG_INFORMATION_FORMAT = "dwarf-with-dsym";
				DYLIB_INSTALL_NAME_BASE = "@rpath";
				GCC_OPTIMIZATION_LEVEL = s;
				GCC_PREPROCESSOR_DEFINITIONS = (
					"$(inherited)",
					"SWIFT_PACKAGE=1",
				);
				MACOSX_DEPLOYMENT_TARGET = 10.10;
				OTHER_SWIFT_FLAGS = "$(inherited) -DXcode";
				PRODUCT_NAME = "$(TARGET_NAME)";
				SDKROOT = macosx;
				SUPPORTED_PLATFORMS = "macosx iphoneos iphonesimulator appletvos appletvsimulator watchos watchsimulator";
				SWIFT_ACTIVE_COMPILATION_CONDITIONS = "$(inherited) SWIFT_PACKAGE";
				SWIFT_OPTIMIZATION_LEVEL = "-Owholemodule";
				USE_HEADERMAP = NO;
			};
			name = Release;
		};
		OBJ_45 /* Debug */ = {
			isa = XCBuildConfiguration;
			buildSettings = {
				ENABLE_TESTABILITY = YES;
				FRAMEWORK_SEARCH_PATHS = (
					"$(inherited)",
					"$(PLATFORM_DIR)/Developer/Library/Frameworks",
				);
				HEADER_SEARCH_PATHS = "$(inherited)";
				INFOPLIST_FILE = Steps.xcodeproj/Steps_Info.plist;
				IPHONEOS_DEPLOYMENT_TARGET = 13.0;
				LD_RUNPATH_SEARCH_PATHS = "$(inherited) $(TOOLCHAIN_DIR)/usr/lib/swift/macosx";
				MACOSX_DEPLOYMENT_TARGET = 10.15;
				OTHER_CFLAGS = "$(inherited)";
				OTHER_LDFLAGS = "$(inherited)";
				OTHER_SWIFT_FLAGS = "$(inherited)";
				PRODUCT_BUNDLE_IDENTIFIER = Steps;
				PRODUCT_MODULE_NAME = "$(TARGET_NAME:c99extidentifier)";
				PRODUCT_NAME = "$(TARGET_NAME:c99extidentifier)";
				SKIP_INSTALL = YES;
				SWIFT_ACTIVE_COMPILATION_CONDITIONS = "$(inherited)";
				SWIFT_VERSION = 5.0;
				TARGET_NAME = Steps;
				TVOS_DEPLOYMENT_TARGET = 13.0;
				WATCHOS_DEPLOYMENT_TARGET = 2.0;
			};
			name = Debug;
		};
		OBJ_46 /* Release */ = {
			isa = XCBuildConfiguration;
			buildSettings = {
				ENABLE_TESTABILITY = YES;
				FRAMEWORK_SEARCH_PATHS = (
					"$(inherited)",
					"$(PLATFORM_DIR)/Developer/Library/Frameworks",
				);
				HEADER_SEARCH_PATHS = "$(inherited)";
				INFOPLIST_FILE = Steps.xcodeproj/Steps_Info.plist;
				IPHONEOS_DEPLOYMENT_TARGET = 13.0;
				LD_RUNPATH_SEARCH_PATHS = "$(inherited) $(TOOLCHAIN_DIR)/usr/lib/swift/macosx";
				MACOSX_DEPLOYMENT_TARGET = 10.15;
				OTHER_CFLAGS = "$(inherited)";
				OTHER_LDFLAGS = "$(inherited)";
				OTHER_SWIFT_FLAGS = "$(inherited)";
				PRODUCT_BUNDLE_IDENTIFIER = Steps;
				PRODUCT_MODULE_NAME = "$(TARGET_NAME:c99extidentifier)";
				PRODUCT_NAME = "$(TARGET_NAME:c99extidentifier)";
				SKIP_INSTALL = YES;
				SWIFT_ACTIVE_COMPILATION_CONDITIONS = "$(inherited)";
				SWIFT_VERSION = 5.0;
				TARGET_NAME = Steps;
				TVOS_DEPLOYMENT_TARGET = 13.0;
				WATCHOS_DEPLOYMENT_TARGET = 2.0;
			};
			name = Release;
		};
		OBJ_62 /* Debug */ = {
			isa = XCBuildConfiguration;
			buildSettings = {
				LD = /usr/bin/true;
				OTHER_SWIFT_FLAGS = "-swift-version 5 -I $(TOOLCHAIN_DIR)/usr/lib/swift/pm/4_2 -target x86_64-apple-macosx10.10 -sdk /Applications/Xcode.app/Contents/Developer/Platforms/MacOSX.platform/Developer/SDKs/MacOSX10.15.sdk -package-description-version 5.1";
				SWIFT_VERSION = 5.0;
			};
			name = Debug;
		};
		OBJ_63 /* Release */ = {
			isa = XCBuildConfiguration;
			buildSettings = {
				LD = /usr/bin/true;
				OTHER_SWIFT_FLAGS = "-swift-version 5 -I $(TOOLCHAIN_DIR)/usr/lib/swift/pm/4_2 -target x86_64-apple-macosx10.10 -sdk /Applications/Xcode.app/Contents/Developer/Platforms/MacOSX.platform/Developer/SDKs/MacOSX10.15.sdk -package-description-version 5.1";
				SWIFT_VERSION = 5.0;
			};
			name = Release;
		};
		OBJ_68 /* Debug */ = {
			isa = XCBuildConfiguration;
			buildSettings = {
			};
			name = Debug;
		};
		OBJ_69 /* Release */ = {
			isa = XCBuildConfiguration;
			buildSettings = {
			};
			name = Release;
		};
		OBJ_73 /* Debug */ = {
			isa = XCBuildConfiguration;
			buildSettings = {
				CLANG_ENABLE_MODULES = YES;
				EMBEDDED_CONTENT_CONTAINS_SWIFT = YES;
				FRAMEWORK_SEARCH_PATHS = (
					"$(inherited)",
					"$(PLATFORM_DIR)/Developer/Library/Frameworks",
				);
				HEADER_SEARCH_PATHS = "$(inherited)";
				INFOPLIST_FILE = Steps.xcodeproj/StepsTests_Info.plist;
				IPHONEOS_DEPLOYMENT_TARGET = 13.0;
				LD_RUNPATH_SEARCH_PATHS = "$(inherited) @loader_path/../Frameworks @loader_path/Frameworks";
				MACOSX_DEPLOYMENT_TARGET = 10.15;
				OTHER_CFLAGS = "$(inherited)";
				OTHER_LDFLAGS = "$(inherited)";
				OTHER_SWIFT_FLAGS = "$(inherited)";
				SWIFT_ACTIVE_COMPILATION_CONDITIONS = "$(inherited)";
				SWIFT_VERSION = 5.0;
				TARGET_NAME = StepsTests;
				TVOS_DEPLOYMENT_TARGET = 13.0;
				WATCHOS_DEPLOYMENT_TARGET = 2.0;
			};
			name = Debug;
		};
		OBJ_74 /* Release */ = {
			isa = XCBuildConfiguration;
			buildSettings = {
				CLANG_ENABLE_MODULES = YES;
				EMBEDDED_CONTENT_CONTAINS_SWIFT = YES;
				FRAMEWORK_SEARCH_PATHS = (
					"$(inherited)",
					"$(PLATFORM_DIR)/Developer/Library/Frameworks",
				);
				HEADER_SEARCH_PATHS = "$(inherited)";
				INFOPLIST_FILE = Steps.xcodeproj/StepsTests_Info.plist;
				IPHONEOS_DEPLOYMENT_TARGET = 13.0;
				LD_RUNPATH_SEARCH_PATHS = "$(inherited) @loader_path/../Frameworks @loader_path/Frameworks";
				MACOSX_DEPLOYMENT_TARGET = 10.15;
				OTHER_CFLAGS = "$(inherited)";
				OTHER_LDFLAGS = "$(inherited)";
				OTHER_SWIFT_FLAGS = "$(inherited)";
				SWIFT_ACTIVE_COMPILATION_CONDITIONS = "$(inherited)";
				SWIFT_VERSION = 5.0;
				TARGET_NAME = StepsTests;
				TVOS_DEPLOYMENT_TARGET = 13.0;
				WATCHOS_DEPLOYMENT_TARGET = 2.0;
			};
			name = Release;
		};
		OBJ_84 /* Debug */ = {
			isa = XCBuildConfiguration;
			buildSettings = {
				ENABLE_TESTABILITY = YES;
				FRAMEWORK_SEARCH_PATHS = (
					"$(inherited)",
					"$(PLATFORM_DIR)/Developer/Library/Frameworks",
				);
				HEADER_SEARCH_PATHS = "$(inherited)";
				INFOPLIST_FILE = Steps.xcodeproj/SwifterSwiftUI_Info.plist;
				IPHONEOS_DEPLOYMENT_TARGET = 13.0;
				LD_RUNPATH_SEARCH_PATHS = "$(inherited) $(TOOLCHAIN_DIR)/usr/lib/swift/macosx";
				MACOSX_DEPLOYMENT_TARGET = 10.15;
				OTHER_CFLAGS = "$(inherited)";
				OTHER_LDFLAGS = "$(inherited)";
				OTHER_SWIFT_FLAGS = "$(inherited)";
				PRODUCT_BUNDLE_IDENTIFIER = SwifterSwiftUI;
				PRODUCT_MODULE_NAME = "$(TARGET_NAME:c99extidentifier)";
				PRODUCT_NAME = "$(TARGET_NAME:c99extidentifier)";
				SKIP_INSTALL = YES;
				SWIFT_ACTIVE_COMPILATION_CONDITIONS = "$(inherited)";
				SWIFT_VERSION = 5.0;
				TARGET_NAME = SwifterSwiftUI;
				TVOS_DEPLOYMENT_TARGET = 13.0;
				WATCHOS_DEPLOYMENT_TARGET = 6.0;
			};
			name = Debug;
		};
		OBJ_85 /* Release */ = {
			isa = XCBuildConfiguration;
			buildSettings = {
				ENABLE_TESTABILITY = YES;
				FRAMEWORK_SEARCH_PATHS = (
					"$(inherited)",
					"$(PLATFORM_DIR)/Developer/Library/Frameworks",
				);
				HEADER_SEARCH_PATHS = "$(inherited)";
				INFOPLIST_FILE = Steps.xcodeproj/SwifterSwiftUI_Info.plist;
				IPHONEOS_DEPLOYMENT_TARGET = 13.0;
				LD_RUNPATH_SEARCH_PATHS = "$(inherited) $(TOOLCHAIN_DIR)/usr/lib/swift/macosx";
				MACOSX_DEPLOYMENT_TARGET = 10.15;
				OTHER_CFLAGS = "$(inherited)";
				OTHER_LDFLAGS = "$(inherited)";
				OTHER_SWIFT_FLAGS = "$(inherited)";
				PRODUCT_BUNDLE_IDENTIFIER = SwifterSwiftUI;
				PRODUCT_MODULE_NAME = "$(TARGET_NAME:c99extidentifier)";
				PRODUCT_NAME = "$(TARGET_NAME:c99extidentifier)";
				SKIP_INSTALL = YES;
				SWIFT_ACTIVE_COMPILATION_CONDITIONS = "$(inherited)";
				SWIFT_VERSION = 5.0;
				TARGET_NAME = SwifterSwiftUI;
				TVOS_DEPLOYMENT_TARGET = 13.0;
				WATCHOS_DEPLOYMENT_TARGET = 6.0;
			};
			name = Release;
		};
		OBJ_92 /* Debug */ = {
			isa = XCBuildConfiguration;
			buildSettings = {
				LD = /usr/bin/true;
				OTHER_SWIFT_FLAGS = "-swift-version 5 -I $(TOOLCHAIN_DIR)/usr/lib/swift/pm/4_2 -target x86_64-apple-macosx10.10 -sdk /Applications/Xcode.app/Contents/Developer/Platforms/MacOSX.platform/Developer/SDKs/MacOSX10.15.sdk -package-description-version 5.1";
				SWIFT_VERSION = 5.0;
			};
			name = Debug;
		};
		OBJ_93 /* Release */ = {
			isa = XCBuildConfiguration;
			buildSettings = {
				LD = /usr/bin/true;
				OTHER_SWIFT_FLAGS = "-swift-version 5 -I $(TOOLCHAIN_DIR)/usr/lib/swift/pm/4_2 -target x86_64-apple-macosx10.10 -sdk /Applications/Xcode.app/Contents/Developer/Platforms/MacOSX.platform/Developer/SDKs/MacOSX10.15.sdk -package-description-version 5.1";
				SWIFT_VERSION = 5.0;
			};
			name = Release;
		};
/* End XCBuildConfiguration section */

/* Begin XCConfigurationList section */
		OBJ_2 /* Build configuration list for PBXProject "Steps" */ = {
			isa = XCConfigurationList;
			buildConfigurations = (
				OBJ_3 /* Debug */,
				OBJ_4 /* Release */,
			);
			defaultConfigurationIsVisible = 0;
			defaultConfigurationName = Release;
		};
		OBJ_44 /* Build configuration list for PBXNativeTarget "Steps" */ = {
			isa = XCConfigurationList;
			buildConfigurations = (
				OBJ_45 /* Debug */,
				OBJ_46 /* Release */,
			);
			defaultConfigurationIsVisible = 0;
			defaultConfigurationName = Release;
		};
		OBJ_61 /* Build configuration list for PBXNativeTarget "StepsPackageDescription" */ = {
			isa = XCConfigurationList;
			buildConfigurations = (
				OBJ_62 /* Debug */,
				OBJ_63 /* Release */,
			);
			defaultConfigurationIsVisible = 0;
			defaultConfigurationName = Release;
		};
		OBJ_67 /* Build configuration list for PBXAggregateTarget "StepsPackageTests" */ = {
			isa = XCConfigurationList;
			buildConfigurations = (
				OBJ_68 /* Debug */,
				OBJ_69 /* Release */,
			);
			defaultConfigurationIsVisible = 0;
			defaultConfigurationName = Release;
		};
		OBJ_72 /* Build configuration list for PBXNativeTarget "StepsTests" */ = {
			isa = XCConfigurationList;
			buildConfigurations = (
				OBJ_73 /* Debug */,
				OBJ_74 /* Release */,
			);
			defaultConfigurationIsVisible = 0;
			defaultConfigurationName = Release;
		};
		OBJ_83 /* Build configuration list for PBXNativeTarget "SwifterSwiftUI" */ = {
			isa = XCConfigurationList;
			buildConfigurations = (
				OBJ_84 /* Debug */,
				OBJ_85 /* Release */,
			);
			defaultConfigurationIsVisible = 0;
			defaultConfigurationName = Release;
		};
		OBJ_91 /* Build configuration list for PBXNativeTarget "SwifterSwiftUIPackageDescription" */ = {
			isa = XCConfigurationList;
			buildConfigurations = (
				OBJ_92 /* Debug */,
				OBJ_93 /* Release */,
			);
			defaultConfigurationIsVisible = 0;
			defaultConfigurationName = Release;
		};
/* End XCConfigurationList section */
	};
	rootObject = OBJ_1 /* Project object */;
}
