{
  "object": {
    "pins": [
      {
        "package": "SwifterSwiftUI",
        "repositoryURL": "https://github.com/asam139/SwifterSwiftUI.git",
        "state": {
          "branch": null,
          "revision": "6fc8aed7aa029cba6b6a74659eab9d7190028b20",
          "version": "0.5.2"
        }
      },
      {
        "package": "ViewInspector",
        "repositoryURL": "https://github.com/nalexn/ViewInspector",
        "state": {
          "branch": null,
          "revision": "4effbd9143ab797eb60d2f32d4265c844c980946",
          "version": "0.9.5"
        }
      }
    ]
  },
  "version": 1
}
